// !$*UTF8*$!
{
	archiveVersion = 1;
	classes = {
	};
	objectVersion = 46;
	objects = {

/* Begin PBXBuildFile section */
		90E6FC7015BC0D5A00A88421 /* testexe.cpp in Sources */ = {isa = PBXBuildFile; fileRef = 90E6FC6F15BC0D5A00A88421 /* testexe.cpp */; };
		90E6FC8315BC1A7F00A88421 /* libtest.dylib in Frameworks */ = {isa = PBXBuildFile; fileRef = 90E6FC8115BC1A6D00A88421 /* libtest.dylib */; };
		90E6FC8415BC1A8200A88421 /* libbridj.dylib in Frameworks */ = {isa = PBXBuildFile; fileRef = 90E6FC7F15BC1A5400A88421 /* libbridj.dylib */; };
/* End PBXBuildFile section */

/* Begin PBXCopyFilesBuildPhase section */
		90E6FC2615BC0C3400A88421 /* CopyFiles */ = {
			isa = PBXCopyFilesBuildPhase;
			buildActionMask = 2147483647;
			dstPath = /usr/share/man/man1/;
			dstSubfolderSpec = 0;
			files = (
			);
			runOnlyForDeploymentPostprocessing = 1;
		};
/* End PBXCopyFilesBuildPhase section */

/* Begin PBXFileReference section */
		90E6FC2815BC0C3400A88421 /* testexe */ = {isa = PBXFileReference; explicitFileType = "compiled.mach-o.executable"; includeInIndex = 0; path = testexe; sourceTree = BUILT_PRODUCTS_DIR; };
		90E6FC6F15BC0D5A00A88421 /* testexe.cpp */ = {isa = PBXFileReference; fileEncoding = 4; lastKnownFileType = sourcecode.cpp.cpp; name = testexe.cpp; path = ../../../main/cpp/buildsys/vs2008/testexe/testexe.cpp; sourceTree = "<group>"; };
		90E6FC7F15BC1A5400A88421 /* libbridj.dylib */ = {isa = PBXFileReference; lastKnownFileType = "compiled.mach-o.dylib"; name = libbridj.dylib; path = ../../../main/cpp/bridj/build_out/darwin_universal_gcc_debug/libbridj.dylib; sourceTree = "<group>"; };
		90E6FC8115BC1A6D00A88421 /* libtest.dylib */ = {isa = PBXFileReference; lastKnownFileType = "compiled.mach-o.dylib"; name = libtest.dylib; path = build_out/darwin_universal_gcc_debug/libtest.dylib; sourceTree = "<group>"; };
/* End PBXFileReference section */

/* Begin PBXFrameworksBuildPhase section */
		90E6FC2515BC0C3400A88421 /* Frameworks */ = {
			isa = PBXFrameworksBuildPhase;
			buildActionMask = 2147483647;
			files = (
				90E6FC8315BC1A7F00A88421 /* libtest.dylib in Frameworks */,
				90E6FC8415BC1A8200A88421 /* libbridj.dylib in Frameworks */,
			);
			runOnlyForDeploymentPostprocessing = 0;
		};
/* End PBXFrameworksBuildPhase section */

/* Begin PBXGroup section */
		90E6FC1D15BC0C3400A88421 = {
			isa = PBXGroup;
			children = (
				90E6FC8115BC1A6D00A88421 /* libtest.dylib */,
				90E6FC7F15BC1A5400A88421 /* libbridj.dylib */,
				90E6FC6F15BC0D5A00A88421 /* testexe.cpp */,
				90E6FC2915BC0C3400A88421 /* Products */,
			);
			sourceTree = "<group>";
		};
		90E6FC2915BC0C3400A88421 /* Products */ = {
			isa = PBXGroup;
			children = (
				90E6FC2815BC0C3400A88421 /* testexe */,
			);
			name = Products;
			sourceTree = "<group>";
		};
/* End PBXGroup section */

/* Begin PBXNativeTarget section */
		90E6FC2715BC0C3400A88421 /* testexe */ = {
			isa = PBXNativeTarget;
			buildConfigurationList = 90E6FC3215BC0C3400A88421 /* Build configuration list for PBXNativeTarget "testexe" */;
			buildPhases = (
				90E6FC8515BC1A9700A88421 /* ShellScript */,
				90E6FC2415BC0C3400A88421 /* Sources */,
				90E6FC2515BC0C3400A88421 /* Frameworks */,
				90E6FC2615BC0C3400A88421 /* CopyFiles */,
			);
			buildRules = (
			);
			dependencies = (
			);
			name = testexe;
			productName = testexe;
			productReference = 90E6FC2815BC0C3400A88421 /* testexe */;
			productType = "com.apple.product-type.tool";
		};
/* End PBXNativeTarget section */

/* Begin PBXProject section */
		90E6FC1F15BC0C3400A88421 /* Project object */ = {
			isa = PBXProject;
			buildConfigurationList = 90E6FC2215BC0C3400A88421 /* Build configuration list for PBXProject "testexe" */;
			compatibilityVersion = "Xcode 3.2";
			developmentRegion = English;
			hasScannedForEncodings = 0;
			knownRegions = (
				en,
			);
			mainGroup = 90E6FC1D15BC0C3400A88421;
			productRefGroup = 90E6FC2915BC0C3400A88421 /* Products */;
			projectDirPath = "";
			projectRoot = "";
			targets = (
				90E6FC2715BC0C3400A88421 /* testexe */,
			);
		};
/* End PBXProject section */

/* Begin PBXShellScriptBuildPhase section */
		90E6FC8515BC1A9700A88421 /* ShellScript */ = {
			isa = PBXShellScriptBuildPhase;
			buildActionMask = 2147483647;
			files = (
			);
			inputPaths = (
			);
			outputPaths = (
			);
			runOnlyForDeploymentPostprocessing = 0;
			shellPath = /bin/sh;
			shellScript = /Users/ochafik/github/nativelibs4java2/libraries/BridJ/BuildNative_Debug;
		};
/* End PBXShellScriptBuildPhase section */

/* Begin PBXSourcesBuildPhase section */
		90E6FC2415BC0C3400A88421 /* Sources */ = {
			isa = PBXSourcesBuildPhase;
			buildActionMask = 2147483647;
			files = (
				90E6FC7015BC0D5A00A88421 /* testexe.cpp in Sources */,
			);
			runOnlyForDeploymentPostprocessing = 0;
		};
/* End PBXSourcesBuildPhase section */

/* Begin XCBuildConfiguration section */
		90E6FC3015BC0C3400A88421 /* Debug */ = {
			isa = XCBuildConfiguration;
			buildSettings = {
				ALWAYS_SEARCH_USER_PATHS = NO;
				ARCHS = "$(ARCHS_STANDARD_64_BIT)";
				COPY_PHASE_STRIP = NO;
				GCC_C_LANGUAGE_STANDARD = gnu99;
				GCC_DYNAMIC_NO_PIC = NO;
				GCC_ENABLE_OBJC_EXCEPTIONS = YES;
				GCC_OPTIMIZATION_LEVEL = 0;
				GCC_PREPROCESSOR_DEFINITIONS = (
					"DEBUG=1",
					"$(inherited)",
				);
				GCC_SYMBOLS_PRIVATE_EXTERN = NO;
				GCC_VERSION = com.apple.compilers.llvm.clang.1_0;
				GCC_WARN_64_TO_32_BIT_CONVERSION = YES;
				GCC_WARN_ABOUT_MISSING_PROTOTYPES = YES;
				GCC_WARN_ABOUT_RETURN_TYPE = YES;
				GCC_WARN_UNUSED_VARIABLE = YES;
				MACOSX_DEPLOYMENT_TARGET = 10.7;
				ONLY_ACTIVE_ARCH = YES;
				SDKROOT = macosx;
			};
			name = Debug;
		};
		90E6FC3115BC0C3400A88421 /* Release */ = {
			isa = XCBuildConfiguration;
			buildSettings = {
				ALWAYS_SEARCH_USER_PATHS = NO;
				ARCHS = "$(ARCHS_STANDARD_64_BIT)";
				COPY_PHASE_STRIP = YES;
				DEBUG_INFORMATION_FORMAT = "dwarf-with-dsym";
				GCC_C_LANGUAGE_STANDARD = gnu99;
				GCC_ENABLE_OBJC_EXCEPTIONS = YES;
				GCC_VERSION = com.apple.compilers.llvm.clang.1_0;
				GCC_WARN_64_TO_32_BIT_CONVERSION = YES;
				GCC_WARN_ABOUT_MISSING_PROTOTYPES = YES;
				GCC_WARN_ABOUT_RETURN_TYPE = YES;
				GCC_WARN_UNUSED_VARIABLE = YES;
				MACOSX_DEPLOYMENT_TARGET = 10.7;
				SDKROOT = macosx;
			};
			name = Release;
		};
		90E6FC3315BC0C3400A88421 /* Debug */ = {
			isa = XCBuildConfiguration;
			buildSettings = {
				HEADER_SEARCH_PATHS = (
					"/Users/ochafik/src/dyncall/dyncall/**",
					../../../main/cpp/bridj,
					/System/Library/Frameworks/JavaVM.framework/Versions/Current/Headers/,
				);
				LIBRARY_SEARCH_PATHS = (
					"$(inherited)",
					"\"$(SRCROOT)/../../../main/cpp/bridj/build_out/darwin_universal_gcc_release\"",
					"\"$(SRCROOT)/build_out/darwin_universal_gcc_release\"",
					"\"$(SRCROOT)/../../../main/cpp/bridj/build_out/darwin_universal_gcc_debug\"",
					"\"$(SRCROOT)/build_out/darwin_universal_gcc_debug\"",
				);
				PRODUCT_NAME = "$(TARGET_NAME)";
			};
			name = Debug;
		};
		90E6FC3415BC0C3400A88421 /* Release */ = {
			isa = XCBuildConfiguration;
			buildSettings = {
				HEADER_SEARCH_PATHS = (
					"/Users/ochafik/src/dyncall/dyncall/**",
					../../../main/cpp/bridj,
					/System/Library/Frameworks/JavaVM.framework/Versions/Current/Headers/,
				);
				LIBRARY_SEARCH_PATHS = (
					"$(inherited)",
					"\"$(SRCROOT)/../../../main/cpp/bridj/build_out/darwin_universal_gcc_release\"",
					"\"$(SRCROOT)/build_out/darwin_universal_gcc_release\"",
					"\"$(SRCROOT)/../../../main/cpp/bridj/build_out/darwin_universal_gcc_debug\"",
					"\"$(SRCROOT)/build_out/darwin_universal_gcc_debug\"",
				);
				PRODUCT_NAME = "$(TARGET_NAME)";
			};
			name = Release;
		};
/* End XCBuildConfiguration section */

/* Begin XCConfigurationList section */
		90E6FC2215BC0C3400A88421 /* Build configuration list for PBXProject "testexe" */ = {
			isa = XCConfigurationList;
			buildConfigurations = (
				90E6FC3015BC0C3400A88421 /* Debug */,
				90E6FC3115BC0C3400A88421 /* Release */,
			);
			defaultConfigurationIsVisible = 0;
			defaultConfigurationName = Release;
		};
		90E6FC3215BC0C3400A88421 /* Build configuration list for PBXNativeTarget "testexe" */ = {
			isa = XCConfigurationList;
			buildConfigurations = (
				90E6FC3315BC0C3400A88421 /* Debug */,
				90E6FC3415BC0C3400A88421 /* Release */,
			);
			defaultConfigurationIsVisible = 0;
			defaultConfigurationName = Release;
		};
/* End XCConfigurationList section */
	};
	rootObject = 90E6FC1F15BC0C3400A88421 /* Project object */;
}
