// !$*UTF8*$!
{
	archiveVersion = 1;
	classes = {
	};
	objectVersion = 46;
	objects = {

/* Begin PBXContainerItemProxy section */
		90E6FC5B15BC0CA900A88421 /* PBXContainerItemProxy */ = {
			isa = PBXContainerItemProxy;
			containerPortal = 90E6FC4F15BC0CA900A88421 /* testexe.xcodeproj */;
			proxyType = 2;
			remoteGlobalIDString = 90E6FC2815BC0C3400A88421;
			remoteInfo = testexe;
		};
/* End PBXContainerItemProxy section */

/* Begin PBXFileReference section */
		90E6FBEF15BC0BBE00A88421 /* CallbackHandler.c */ = {isa = PBXFileReference; fileEncoding = 4; lastKnownFileType = sourcecode.c.c; path = CallbackHandler.c; sourceTree = "<group>"; };
		90E6FBF015BC0BBE00A88421 /* CppHandler.c */ = {isa = PBXFileReference; fileEncoding = 4; lastKnownFileType = sourcecode.c.c; path = CppHandler.c; sourceTree = "<group>"; };
		90E6FBF115BC0BBE00A88421 /* Exceptions.c */ = {isa = PBXFileReference; fileEncoding = 4; lastKnownFileType = sourcecode.c.c; path = Exceptions.c; sourceTree = "<group>"; };
		90E6FBF215BC0BBE00A88421 /* FunctionHandler.c */ = {isa = PBXFileReference; fileEncoding = 4; lastKnownFileType = sourcecode.c.c; path = FunctionHandler.c; sourceTree = "<group>"; };
		90E6FBF315BC0BBE00A88421 /* GenericJavaCallbackHandlers.c */ = {isa = PBXFileReference; fileEncoding = 4; lastKnownFileType = sourcecode.c.c; path = GenericJavaCallbackHandlers.c; sourceTree = "<group>"; };
		90E6FBF415BC0BBE00A88421 /* HandlersCommon.c */ = {isa = PBXFileReference; fileEncoding = 4; lastKnownFileType = sourcecode.c.c; path = HandlersCommon.c; sourceTree = "<group>"; };
		90E6FBF515BC0BBE00A88421 /* JNI.c */ = {isa = PBXFileReference; fileEncoding = 4; lastKnownFileType = sourcecode.c.c; path = JNI.c; sourceTree = "<group>"; };
		90E6FBF615BC0BBE00A88421 /* ObjCHandler.c */ = {isa = PBXFileReference; fileEncoding = 4; lastKnownFileType = sourcecode.c.c; path = ObjCHandler.c; sourceTree = "<group>"; };
		90E6FBF715BC0BBE00A88421 /* Platform.c */ = {isa = PBXFileReference; fileEncoding = 4; lastKnownFileType = sourcecode.c.c; path = Platform.c; sourceTree = "<group>"; };
		90E6FBF815BC0BBE00A88421 /* Pointer.c */ = {isa = PBXFileReference; fileEncoding = 4; lastKnownFileType = sourcecode.c.c; path = Pointer.c; sourceTree = "<group>"; };
		90E6FBF915BC0BBE00A88421 /* RawNativeForwardCallback.c */ = {isa = PBXFileReference; fileEncoding = 4; lastKnownFileType = sourcecode.c.c; path = RawNativeForwardCallback.c; sourceTree = "<group>"; };
		90E6FBFA15BC0BBE00A88421 /* ThreadLocal.c */ = {isa = PBXFileReference; fileEncoding = 4; lastKnownFileType = sourcecode.c.c; path = ThreadLocal.c; sourceTree = "<group>"; };
		90E6FBFB15BC0BBE00A88421 /* bridj.hpp */ = {isa = PBXFileReference; fileEncoding = 4; lastKnownFileType = sourcecode.cpp.h; path = bridj.hpp; sourceTree = "<group>"; };
		90E6FBFC15BC0BBE00A88421 /* Exceptions.h */ = {isa = PBXFileReference; fileEncoding = 4; lastKnownFileType = sourcecode.c.h; path = Exceptions.h; sourceTree = "<group>"; };
		90E6FBFD15BC0BBE00A88421 /* HandlersCommon.h */ = {isa = PBXFileReference; fileEncoding = 4; lastKnownFileType = sourcecode.c.h; path = HandlersCommon.h; sourceTree = "<group>"; };
		90E6FBFE15BC0BBE00A88421 /* JNI_prim.h */ = {isa = PBXFileReference; fileEncoding = 4; lastKnownFileType = sourcecode.c.h; path = JNI_prim.h; sourceTree = "<group>"; };
		90E6FBFF15BC0BBE00A88421 /* JNI.h */ = {isa = PBXFileReference; fileEncoding = 4; lastKnownFileType = sourcecode.c.h; path = JNI.h; sourceTree = "<group>"; };
		90E6FC0015BC0BBE00A88421 /* ObjCProxy.h */ = {isa = PBXFileReference; fileEncoding = 4; lastKnownFileType = sourcecode.c.h; path = ObjCProxy.h; sourceTree = "<group>"; };
		90E6FC0115BC0BBE00A88421 /* org_bridj_BridJ_CastingType.h */ = {isa = PBXFileReference; fileEncoding = 4; lastKnownFileType = sourcecode.c.h; path = org_bridj_BridJ_CastingType.h; sourceTree = "<group>"; };
		90E6FC0215BC0BBE00A88421 /* org_bridj_BridJ_Switch.h */ = {isa = PBXFileReference; fileEncoding = 4; lastKnownFileType = sourcecode.c.h; path = org_bridj_BridJ_Switch.h; sourceTree = "<group>"; };
		90E6FC0315BC0BBE00A88421 /* org_bridj_BridJ.h */ = {isa = PBXFileReference; fileEncoding = 4; lastKnownFileType = sourcecode.c.h; path = org_bridj_BridJ.h; sourceTree = "<group>"; };
		90E6FC0415BC0BBE00A88421 /* org_bridj_JNI.h */ = {isa = PBXFileReference; fileEncoding = 4; lastKnownFileType = sourcecode.c.h; path = org_bridj_JNI.h; sourceTree = "<group>"; };
		90E6FC0515BC0BBE00A88421 /* org_bridj_objc_ObjCJNI.h */ = {isa = PBXFileReference; fileEncoding = 4; lastKnownFileType = sourcecode.c.h; path = org_bridj_objc_ObjCJNI.h; sourceTree = "<group>"; };
		90E6FC0615BC0BBE00A88421 /* org_bridj_Platform_DeleteFiles.h */ = {isa = PBXFileReference; fileEncoding = 4; lastKnownFileType = sourcecode.c.h; path = org_bridj_Platform_DeleteFiles.h; sourceTree = "<group>"; };
		90E6FC0715BC0BBE00A88421 /* org_bridj_Platform.h */ = {isa = PBXFileReference; fileEncoding = 4; lastKnownFileType = sourcecode.c.h; path = org_bridj_Platform.h; sourceTree = "<group>"; };
		90E6FC0815BC0BBE00A88421 /* org_bridj_Pointer_DisorderedPointer.h */ = {isa = PBXFileReference; fileEncoding = 4; lastKnownFileType = sourcecode.c.h; path = org_bridj_Pointer_DisorderedPointer.h; sourceTree = "<group>"; };
		90E6FC0915BC0BBE00A88421 /* org_bridj_Pointer_FreeReleaser.h */ = {isa = PBXFileReference; fileEncoding = 4; lastKnownFileType = sourcecode.c.h; path = org_bridj_Pointer_FreeReleaser.h; sourceTree = "<group>"; };
		90E6FC0A15BC0BBE00A88421 /* org_bridj_Pointer_ListType.h */ = {isa = PBXFileReference; fileEncoding = 4; lastKnownFileType = sourcecode.c.h; path = org_bridj_Pointer_ListType.h; sourceTree = "<group>"; };
		90E6FC0B15BC0BBE00A88421 /* org_bridj_Pointer_OrderedPointer.h */ = {isa = PBXFileReference; fileEncoding = 4; lastKnownFileType = sourcecode.c.h; path = org_bridj_Pointer_OrderedPointer.h; sourceTree = "<group>"; };
		90E6FC0C15BC0BBE00A88421 /* org_bridj_Pointer_Releaser.h */ = {isa = PBXFileReference; fileEncoding = 4; lastKnownFileType = sourcecode.c.h; path = org_bridj_Pointer_Releaser.h; sourceTree = "<group>"; };
		90E6FC0D15BC0BBE00A88421 /* org_bridj_Pointer_StringType.h */ = {isa = PBXFileReference; fileEncoding = 4; lastKnownFileType = sourcecode.c.h; path = org_bridj_Pointer_StringType.h; sourceTree = "<group>"; };
		90E6FC0E15BC0BBE00A88421 /* org_bridj_Pointer.h */ = {isa = PBXFileReference; fileEncoding = 4; lastKnownFileType = sourcecode.c.h; path = org_bridj_Pointer.h; sourceTree = "<group>"; };
		90E6FC0F15BC0BBE00A88421 /* Pointer_prim.h */ = {isa = PBXFileReference; fileEncoding = 4; lastKnownFileType = sourcecode.c.h; path = Pointer_prim.h; sourceTree = "<group>"; };
		90E6FC1015BC0BBE00A88421 /* PrimDefs_boolean.h */ = {isa = PBXFileReference; fileEncoding = 4; lastKnownFileType = sourcecode.c.h; path = PrimDefs_boolean.h; sourceTree = "<group>"; };
		90E6FC1115BC0BBE00A88421 /* PrimDefs_byte.h */ = {isa = PBXFileReference; fileEncoding = 4; lastKnownFileType = sourcecode.c.h; path = PrimDefs_byte.h; sourceTree = "<group>"; };
		90E6FC1215BC0BBE00A88421 /* PrimDefs_char.h */ = {isa = PBXFileReference; fileEncoding = 4; lastKnownFileType = sourcecode.c.h; path = PrimDefs_char.h; sourceTree = "<group>"; };
		90E6FC1315BC0BBE00A88421 /* PrimDefs_double.h */ = {isa = PBXFileReference; fileEncoding = 4; lastKnownFileType = sourcecode.c.h; path = PrimDefs_double.h; sourceTree = "<group>"; };
		90E6FC1415BC0BBE00A88421 /* PrimDefs_float.h */ = {isa = PBXFileReference; fileEncoding = 4; lastKnownFileType = sourcecode.c.h; path = PrimDefs_float.h; sourceTree = "<group>"; };
		90E6FC1515BC0BBE00A88421 /* PrimDefs_int.h */ = {isa = PBXFileReference; fileEncoding = 4; lastKnownFileType = sourcecode.c.h; path = PrimDefs_int.h; sourceTree = "<group>"; };
		90E6FC1615BC0BBE00A88421 /* PrimDefs_long.h */ = {isa = PBXFileReference; fileEncoding = 4; lastKnownFileType = sourcecode.c.h; path = PrimDefs_long.h; sourceTree = "<group>"; };
		90E6FC1715BC0BBE00A88421 /* PrimDefs_short.h */ = {isa = PBXFileReference; fileEncoding = 4; lastKnownFileType = sourcecode.c.h; path = PrimDefs_short.h; sourceTree = "<group>"; };
		90E6FC1815BC0BBE00A88421 /* PrimDefs_undef.h */ = {isa = PBXFileReference; fileEncoding = 4; lastKnownFileType = sourcecode.c.h; path = PrimDefs_undef.h; sourceTree = "<group>"; };
		90E6FC1915BC0BBE00A88421 /* Protected.h */ = {isa = PBXFileReference; fileEncoding = 4; lastKnownFileType = sourcecode.c.h; path = Protected.h; sourceTree = "<group>"; };
		90E6FC1A15BC0BBE00A88421 /* RawNativeForwardCallback.h */ = {isa = PBXFileReference; fileEncoding = 4; lastKnownFileType = sourcecode.c.h; path = RawNativeForwardCallback.h; sourceTree = "<group>"; };
		90E6FC1C15BC0BCD00A88421 /* RawNativeForwardCallback_Darwin64.s */ = {isa = PBXFileReference; fileEncoding = 4; lastKnownFileType = sourcecode.asm; path = RawNativeForwardCallback_Darwin64.s; sourceTree = "<group>"; };
		90E6FC4C15BC0CA900A88421 /* test.xcodeproj */ = {isa = PBXFileReference; lastKnownFileType = "wrapper.pb-project"; name = test.xcodeproj; path = ../../../test/cpp/test/test.xcodeproj; sourceTree = "<group>"; };
		90E6FC4F15BC0CA900A88421 /* testexe.xcodeproj */ = {isa = PBXFileReference; lastKnownFileType = "wrapper.pb-project"; name = testexe.xcodeproj; path = ../../../test/cpp/test/testexe.xcodeproj; sourceTree = "<group>"; };
		90E6FC7215BC0D8600A88421 /* Init.c */ = {isa = PBXFileReference; fileEncoding = 4; lastKnownFileType = sourcecode.c.c; name = Init.c; path = "../../../../target/generated-resources/org/bridj/Init.c"; sourceTree = "<group>"; };
		90E6FC7415BC0EEE00A88421 /* libbridj.dylib */ = {isa = PBXFileReference; lastKnownFileType = "compiled.mach-o.dylib"; name = libbridj.dylib; path = build_out/darwin_universal_gcc_release/libbridj.dylib; sourceTree = "<group>"; };
/* End PBXFileReference section */

/* Begin PBXGroup section */
		90E6FBDF15BC0B7F00A88421 = {
			isa = PBXGroup;
			children = (
				90E6FC7415BC0EEE00A88421 /* libbridj.dylib */,
				90E6FC4C15BC0CA900A88421 /* test.xcodeproj */,
				90E6FC4F15BC0CA900A88421 /* testexe.xcodeproj */,
				90E6FBEF15BC0BBE00A88421 /* CallbackHandler.c */,
				90E6FC7215BC0D8600A88421 /* Init.c */,
				90E6FBF015BC0BBE00A88421 /* CppHandler.c */,
				90E6FBF115BC0BBE00A88421 /* Exceptions.c */,
				90E6FBF215BC0BBE00A88421 /* FunctionHandler.c */,
				90E6FBF315BC0BBE00A88421 /* GenericJavaCallbackHandlers.c */,
				90E6FBF415BC0BBE00A88421 /* HandlersCommon.c */,
				90E6FBF515BC0BBE00A88421 /* JNI.c */,
				90E6FBF615BC0BBE00A88421 /* ObjCHandler.c */,
				90E6FC1C15BC0BCD00A88421 /* RawNativeForwardCallback_Darwin64.s */,
				90E6FBF715BC0BBE00A88421 /* Platform.c */,
				90E6FBF815BC0BBE00A88421 /* Pointer.c */,
				90E6FBF915BC0BBE00A88421 /* RawNativeForwardCallback.c */,
				90E6FBFA15BC0BBE00A88421 /* ThreadLocal.c */,
				90E6FBFB15BC0BBE00A88421 /* bridj.hpp */,
				90E6FBFC15BC0BBE00A88421 /* Exceptions.h */,
				90E6FBFD15BC0BBE00A88421 /* HandlersCommon.h */,
				90E6FBFE15BC0BBE00A88421 /* JNI_prim.h */,
				90E6FBFF15BC0BBE00A88421 /* JNI.h */,
				90E6FC0015BC0BBE00A88421 /* ObjCProxy.h */,
				90E6FC0115BC0BBE00A88421 /* org_bridj_BridJ_CastingType.h */,
				90E6FC0215BC0BBE00A88421 /* org_bridj_BridJ_Switch.h */,
				90E6FC0315BC0BBE00A88421 /* org_bridj_BridJ.h */,
				90E6FC0415BC0BBE00A88421 /* org_bridj_JNI.h */,
				90E6FC0515BC0BBE00A88421 /* org_bridj_objc_ObjCJNI.h */,
				90E6FC0615BC0BBE00A88421 /* org_bridj_Platform_DeleteFiles.h */,
				90E6FC0715BC0BBE00A88421 /* org_bridj_Platform.h */,
				90E6FC0815BC0BBE00A88421 /* org_bridj_Pointer_DisorderedPointer.h */,
				90E6FC0915BC0BBE00A88421 /* org_bridj_Pointer_FreeReleaser.h */,
				90E6FC0A15BC0BBE00A88421 /* org_bridj_Pointer_ListType.h */,
				90E6FC0B15BC0BBE00A88421 /* org_bridj_Pointer_OrderedPointer.h */,
				90E6FC0C15BC0BBE00A88421 /* org_bridj_Pointer_Releaser.h */,
				90E6FC0D15BC0BBE00A88421 /* org_bridj_Pointer_StringType.h */,
				90E6FC0E15BC0BBE00A88421 /* org_bridj_Pointer.h */,
				90E6FC0F15BC0BBE00A88421 /* Pointer_prim.h */,
				90E6FC1015BC0BBE00A88421 /* PrimDefs_boolean.h */,
				90E6FC1115BC0BBE00A88421 /* PrimDefs_byte.h */,
				90E6FC1215BC0BBE00A88421 /* PrimDefs_char.h */,
				90E6FC1315BC0BBE00A88421 /* PrimDefs_double.h */,
				90E6FC1415BC0BBE00A88421 /* PrimDefs_float.h */,
				90E6FC1515BC0BBE00A88421 /* PrimDefs_int.h */,
				90E6FC1615BC0BBE00A88421 /* PrimDefs_long.h */,
				90E6FC1715BC0BBE00A88421 /* PrimDefs_short.h */,
				90E6FC1815BC0BBE00A88421 /* PrimDefs_undef.h */,
				90E6FC1915BC0BBE00A88421 /* Protected.h */,
				90E6FC1A15BC0BBE00A88421 /* RawNativeForwardCallback.h */,
			);
			sourceTree = "<group>";
		};
		90E6FC4D15BC0CA900A88421 /* Products */ = {
			isa = PBXGroup;
			children = (
			);
			name = Products;
			sourceTree = "<group>";
		};
		90E6FC5015BC0CA900A88421 /* Products */ = {
			isa = PBXGroup;
			children = (
				90E6FC5C15BC0CA900A88421 /* testexe */,
			);
			name = Products;
			sourceTree = "<group>";
		};
/* End PBXGroup section */

/* Begin PBXLegacyTarget section */
		90E6FBE615BC0B7F00A88421 /* BridJ */ = {
			isa = PBXLegacyTarget;
			buildArgumentsString = "$(ACTION)";
			buildConfigurationList = 90E6FBE915BC0B7F00A88421 /* Build configuration list for PBXLegacyTarget "BridJ" */;
			buildPhases = (
			);
			buildToolPath = ./BuildNative;
			buildWorkingDirectory = /Users/ochafik/github/nativelibs4java2/libraries/BridJ;
			dependencies = (
			);
			name = BridJ;
			passBuildSettingsInEnvironment = 0;
			productName = BridJ;
		};
/* End PBXLegacyTarget section */

/* Begin PBXProject section */
		90E6FBE115BC0B7F00A88421 /* Project object */ = {
			isa = PBXProject;
			buildConfigurationList = 90E6FBE415BC0B7F00A88421 /* Build configuration list for PBXProject "BridJ" */;
			compatibilityVersion = "Xcode 3.2";
			developmentRegion = English;
			hasScannedForEncodings = 0;
			knownRegions = (
				en,
			);
			mainGroup = 90E6FBDF15BC0B7F00A88421;
			projectDirPath = "";
			projectReferences = (
				{
					ProductGroup = 90E6FC4D15BC0CA900A88421 /* Products */;
					ProjectRef = 90E6FC4C15BC0CA900A88421 /* test.xcodeproj */;
				},
				{
					ProductGroup = 90E6FC5015BC0CA900A88421 /* Products */;
					ProjectRef = 90E6FC4F15BC0CA900A88421 /* testexe.xcodeproj */;
				},
			);
			projectRoot = "";
			targets = (
				90E6FBE615BC0B7F00A88421 /* BridJ */,
			);
		};
/* End PBXProject section */

/* Begin PBXReferenceProxy section */
		90E6FC5C15BC0CA900A88421 /* testexe */ = {
			isa = PBXReferenceProxy;
			fileType = "compiled.mach-o.executable";
			path = testexe;
			remoteRef = 90E6FC5B15BC0CA900A88421 /* PBXContainerItemProxy */;
			sourceTree = BUILT_PRODUCTS_DIR;
		};
/* End PBXReferenceProxy section */

/* Begin XCBuildConfiguration section */
		90E6FBE715BC0B7F00A88421 /* Debug */ = {
			isa = XCBuildConfiguration;
			buildSettings = {
				ALWAYS_SEARCH_USER_PATHS = NO;
				ARCHS = "$(ARCHS_STANDARD_64_BIT)";
				COPY_PHASE_STRIP = NO;
				GCC_C_LANGUAGE_STANDARD = gnu99;
				GCC_DYNAMIC_NO_PIC = NO;
				GCC_ENABLE_OBJC_EXCEPTIONS = YES;
				GCC_OPTIMIZATION_LEVEL = 0;
				GCC_PREPROCESSOR_DEFINITIONS = (
					"DEBUG=1",
					"$(inherited)",
				);
				GCC_SYMBOLS_PRIVATE_EXTERN = NO;
				GCC_VERSION = com.apple.compilers.llvm.clang.1_0;
				GCC_WARN_64_TO_32_BIT_CONVERSION = YES;
				GCC_WARN_ABOUT_MISSING_PROTOTYPES = YES;
				GCC_WARN_ABOUT_RETURN_TYPE = YES;
				GCC_WARN_UNUSED_VARIABLE = YES;
				MACOSX_DEPLOYMENT_TARGET = 10.7;
				ONLY_ACTIVE_ARCH = YES;
				SDKROOT = macosx;
			};
			name = Debug;
		};
		90E6FBE815BC0B7F00A88421 /* Release */ = {
			isa = XCBuildConfiguration;
			buildSettings = {
				ALWAYS_SEARCH_USER_PATHS = NO;
				ARCHS = "$(ARCHS_STANDARD_64_BIT)";
				COPY_PHASE_STRIP = YES;
				DEBUG_INFORMATION_FORMAT = "dwarf-with-dsym";
				GCC_C_LANGUAGE_STANDARD = gnu99;
				GCC_ENABLE_OBJC_EXCEPTIONS = YES;
				GCC_VERSION = com.apple.compilers.llvm.clang.1_0;
				GCC_WARN_64_TO_32_BIT_CONVERSION = YES;
				GCC_WARN_ABOUT_MISSING_PROTOTYPES = YES;
				GCC_WARN_ABOUT_RETURN_TYPE = YES;
				GCC_WARN_UNUSED_VARIABLE = YES;
				MACOSX_DEPLOYMENT_TARGET = 10.7;
				SDKROOT = macosx;
			};
			name = Release;
		};
		90E6FBEA15BC0B7F00A88421 /* Debug */ = {
			isa = XCBuildConfiguration;
			buildSettings = {
				DEBUGGING_SYMBOLS = YES;
				GCC_GENERATE_DEBUGGING_SYMBOLS = YES;
				GCC_OPTIMIZATION_LEVEL = 0;
				OTHER_CFLAGS = "";
				OTHER_LDFLAGS = "";
				PRODUCT_NAME = "$(TARGET_NAME)";
			};
			name = Debug;
		};
		90E6FBEB15BC0B7F00A88421 /* Release */ = {
			isa = XCBuildConfiguration;
			buildSettings = {
				OTHER_CFLAGS = "";
				OTHER_LDFLAGS = "";
				PRODUCT_NAME = "$(TARGET_NAME)";
			};
			name = Release;
		};
/* End XCBuildConfiguration section */

/* Begin XCConfigurationList section */
		90E6FBE415BC0B7F00A88421 /* Build configuration list for PBXProject "BridJ" */ = {
			isa = XCConfigurationList;
			buildConfigurations = (
				90E6FBE715BC0B7F00A88421 /* Debug */,
				90E6FBE815BC0B7F00A88421 /* Release */,
			);
			defaultConfigurationIsVisible = 0;
			defaultConfigurationName = Release;
		};
		90E6FBE915BC0B7F00A88421 /* Build configuration list for PBXLegacyTarget "BridJ" */ = {
			isa = XCConfigurationList;
			buildConfigurations = (
				90E6FBEA15BC0B7F00A88421 /* Debug */,
				90E6FBEB15BC0B7F00A88421 /* Release */,
			);
			defaultConfigurationIsVisible = 0;
			defaultConfigurationName = Release;
		};
/* End XCConfigurationList section */
	};
	rootObject = 90E6FBE115BC0B7F00A88421 /* Project object */;
}
