// !$*UTF8*$!
{
	archiveVersion = 1;
	classes = {
	};
	objectVersion = 46;
	objects = {

/* Begin PBXFileReference section */
		9007E03F10EE3F0A00928CAE /* BSDmakefile */ = {isa = PBXFileReference; fileEncoding = 4; lastKnownFileType = text; path = BSDmakefile; sourceTree = "<group>"; };
		9007E04210EE3F0A00928CAE /* dyncall_alloc_wx.o */ = {isa = PBXFileReference; lastKnownFileType = "compiled.mach-o.objfile"; path = dyncall_alloc_wx.o; sourceTree = "<group>"; };
		9007E04310EE3F0A00928CAE /* dyncall_args.o */ = {isa = PBXFileReference; lastKnownFileType = "compiled.mach-o.objfile"; path = dyncall_args.o; sourceTree = "<group>"; };
		9007E04410EE3F0A00928CAE /* dyncall_callback.o */ = {isa = PBXFileReference; lastKnownFileType = "compiled.mach-o.objfile"; path = dyncall_callback.o; sourceTree = "<group>"; };
		9007E04510EE3F0A00928CAE /* dyncall_callback_arch.o */ = {isa = PBXFileReference; lastKnownFileType = "compiled.mach-o.objfile"; path = dyncall_callback_arch.o; sourceTree = "<group>"; };
		9007E04610EE3F0A00928CAE /* dyncall_thunk.o */ = {isa = PBXFileReference; lastKnownFileType = "compiled.mach-o.objfile"; path = dyncall_thunk.o; sourceTree = "<group>"; };
		9007E04710EE3F0A00928CAE /* libdyncallback_s.a */ = {isa = PBXFileReference; lastKnownFileType = archive.ar; path = libdyncallback_s.a; sourceTree = "<group>"; };
		9007E04910EE3F0A00928CAE /* dyncall_alloc_wx.o */ = {isa = PBXFileReference; lastKnownFileType = "compiled.mach-o.objfile"; path = dyncall_alloc_wx.o; sourceTree = "<group>"; };
		9007E04A10EE3F0A00928CAE /* dyncall_args.o */ = {isa = PBXFileReference; lastKnownFileType = "compiled.mach-o.objfile"; path = dyncall_args.o; sourceTree = "<group>"; };
		9007E04B10EE3F0A00928CAE /* dyncall_callback.o */ = {isa = PBXFileReference; lastKnownFileType = "compiled.mach-o.objfile"; path = dyncall_callback.o; sourceTree = "<group>"; };
		9007E04C10EE3F0A00928CAE /* dyncall_callback_arch.o */ = {isa = PBXFileReference; lastKnownFileType = "compiled.mach-o.objfile"; path = dyncall_callback_arch.o; sourceTree = "<group>"; };
		9007E04D10EE3F0A00928CAE /* dyncall_thunk.o */ = {isa = PBXFileReference; lastKnownFileType = "compiled.mach-o.objfile"; path = dyncall_thunk.o; sourceTree = "<group>"; };
		9007E04E10EE3F0A00928CAE /* libdyncallback_s.a */ = {isa = PBXFileReference; lastKnownFileType = archive.ar; path = libdyncallback_s.a; sourceTree = "<group>"; };
		9007E04F10EE3F0A00928CAE /* dyncall_alloc_wx.c */ = {isa = PBXFileReference; fileEncoding = 4; lastKnownFileType = sourcecode.c.c; path = dyncall_alloc_wx.c; sourceTree = "<group>"; };
		9007E05010EE3F0A00928CAE /* dyncall_alloc_wx.h */ = {isa = PBXFileReference; fileEncoding = 4; lastKnownFileType = sourcecode.c.h; path = dyncall_alloc_wx.h; sourceTree = "<group>"; };
		9007E05110EE3F0A00928CAE /* dyncall_alloc_wx_malloc.c */ = {isa = PBXFileReference; fileEncoding = 4; lastKnownFileType = sourcecode.c.c; path = dyncall_alloc_wx_malloc.c; sourceTree = "<group>"; };
		9007E05210EE3F0A00928CAE /* dyncall_alloc_wx_mmap.c */ = {isa = PBXFileReference; fileEncoding = 4; lastKnownFileType = sourcecode.c.c; path = dyncall_alloc_wx_mmap.c; sourceTree = "<group>"; };
		9007E05310EE3F0A00928CAE /* dyncall_alloc_wx_win32.c */ = {isa = PBXFileReference; fileEncoding = 4; lastKnownFileType = sourcecode.c.c; path = dyncall_alloc_wx_win32.c; sourceTree = "<group>"; };
		9007E05410EE3F0A00928CAE /* dyncall_args.c */ = {isa = PBXFileReference; fileEncoding = 4; lastKnownFileType = sourcecode.c.c; path = dyncall_args.c; sourceTree = "<group>"; };
		9007E05510EE3F0A00928CAE /* dyncall_args.h */ = {isa = PBXFileReference; fileEncoding = 4; lastKnownFileType = sourcecode.c.h; path = dyncall_args.h; sourceTree = "<group>"; };
		9007E05610EE3F0A00928CAE /* dyncall_args_ppc32.c */ = {isa = PBXFileReference; fileEncoding = 4; lastKnownFileType = sourcecode.c.c; path = dyncall_args_ppc32.c; sourceTree = "<group>"; };
		9007E05710EE3F0A00928CAE /* dyncall_args_ppc32.h */ = {isa = PBXFileReference; fileEncoding = 4; lastKnownFileType = sourcecode.c.h; path = dyncall_args_ppc32.h; sourceTree = "<group>"; };
		9007E05810EE3F0A00928CAE /* dyncall_args_x64.c */ = {isa = PBXFileReference; fileEncoding = 4; lastKnownFileType = sourcecode.c.c; path = dyncall_args_x64.c; sourceTree = "<group>"; };
		9007E05910EE3F0A00928CAE /* dyncall_args_x64.h */ = {isa = PBXFileReference; fileEncoding = 4; lastKnownFileType = sourcecode.c.h; path = dyncall_args_x64.h; sourceTree = "<group>"; };
		9007E05A10EE3F0A00928CAE /* dyncall_args_x86.c */ = {isa = PBXFileReference; fileEncoding = 4; lastKnownFileType = sourcecode.c.c; path = dyncall_args_x86.c; sourceTree = "<group>"; };
		9007E05B10EE3F0A00928CAE /* dyncall_args_x86.h */ = {isa = PBXFileReference; fileEncoding = 4; lastKnownFileType = sourcecode.c.h; path = dyncall_args_x86.h; sourceTree = "<group>"; };
		9007E05C10EE3F0A00928CAE /* dyncall_callback.c */ = {isa = PBXFileReference; fileEncoding = 4; lastKnownFileType = sourcecode.c.c; path = dyncall_callback.c; sourceTree = "<group>"; };
		9007E05D10EE3F0A00928CAE /* dyncall_callback.h */ = {isa = PBXFileReference; fileEncoding = 4; lastKnownFileType = sourcecode.c.h; path = dyncall_callback.h; sourceTree = "<group>"; };
		9007E05E10EE3F0A00928CAE /* dyncall_callback_arch.S */ = {isa = PBXFileReference; fileEncoding = 4; lastKnownFileType = sourcecode.asm; path = dyncall_callback_arch.S; sourceTree = "<group>"; };
		9007E05F10EE3F0A00928CAE /* dyncall_callback_ppc32.c */ = {isa = PBXFileReference; fileEncoding = 4; lastKnownFileType = sourcecode.c.c; path = dyncall_callback_ppc32.c; sourceTree = "<group>"; };
		9007E06010EE3F0A00928CAE /* dyncall_callback_ppc32.h */ = {isa = PBXFileReference; fileEncoding = 4; lastKnownFileType = sourcecode.c.h; path = dyncall_callback_ppc32.h; sourceTree = "<group>"; };
		9007E06110EE3F0A00928CAE /* dyncall_callback_ppc32_apple.s */ = {isa = PBXFileReference; fileEncoding = 4; lastKnownFileType = sourcecode.asm; path = dyncall_callback_ppc32_apple.s; sourceTree = "<group>"; };
		9007E06210EE3F0A00928CAE /* dyncall_callback_x64.c */ = {isa = PBXFileReference; fileEncoding = 4; lastKnownFileType = sourcecode.c.c; path = dyncall_callback_x64.c; sourceTree = "<group>"; };
		9007E06310EE3F0A00928CAE /* dyncall_callback_x64.h */ = {isa = PBXFileReference; fileEncoding = 4; lastKnownFileType = sourcecode.c.h; path = dyncall_callback_x64.h; sourceTree = "<group>"; };
		9007E06410EE3F0A00928CAE /* dyncall_callback_x64_apple.s */ = {isa = PBXFileReference; fileEncoding = 4; lastKnownFileType = sourcecode.asm; path = dyncall_callback_x64_apple.s; sourceTree = "<group>"; };
		9007E06510EE3F0A00928CAE /* dyncall_callback_x64_gas.s */ = {isa = PBXFileReference; fileEncoding = 4; lastKnownFileType = sourcecode.asm; path = dyncall_callback_x64_gas.s; sourceTree = "<group>"; };
		9007E06610EE3F0A00928CAE /* dyncall_callback_x64_masm.asm */ = {isa = PBXFileReference; fileEncoding = 4; lastKnownFileType = sourcecode.asm.asm; path = dyncall_callback_x64_masm.asm; sourceTree = "<group>"; };
		9007E06710EE3F0A00928CAE /* dyncall_callback_x86.c */ = {isa = PBXFileReference; fileEncoding = 4; lastKnownFileType = sourcecode.c.c; path = dyncall_callback_x86.c; sourceTree = "<group>"; };
		9007E06810EE3F0A00928CAE /* dyncall_callback_x86.h */ = {isa = PBXFileReference; fileEncoding = 4; lastKnownFileType = sourcecode.c.h; path = dyncall_callback_x86.h; sourceTree = "<group>"; };
		9007E06910EE3F0A00928CAE /* dyncall_callback_x86_apple.s */ = {isa = PBXFileReference; fileEncoding = 4; lastKnownFileType = sourcecode.asm; path = dyncall_callback_x86_apple.s; sourceTree = "<group>"; };
		9007E06A10EE3F0A00928CAE /* dyncall_callback_x86_gas.S */ = {isa = PBXFileReference; fileEncoding = 4; lastKnownFileType = sourcecode.asm; path = dyncall_callback_x86_gas.S; sourceTree = "<group>"; };
		9007E06B10EE3F0A00928CAE /* dyncall_callback_x86_masm.asm */ = {isa = PBXFileReference; fileEncoding = 4; lastKnownFileType = sourcecode.asm.asm; path = dyncall_callback_x86_masm.asm; sourceTree = "<group>"; };
		9007E06C10EE3F0A00928CAE /* dyncall_thunk.c */ = {isa = PBXFileReference; fileEncoding = 4; lastKnownFileType = sourcecode.c.c; path = dyncall_thunk.c; sourceTree = "<group>"; };
		9007E06D10EE3F0A00928CAE /* dyncall_thunk.h */ = {isa = PBXFileReference; fileEncoding = 4; lastKnownFileType = sourcecode.c.h; path = dyncall_thunk.h; sourceTree = "<group>"; };
		9007E06E10EE3F0A00928CAE /* dyncall_thunk_arm9_arm.c */ = {isa = PBXFileReference; fileEncoding = 4; lastKnownFileType = sourcecode.c.c; path = dyncall_thunk_arm9_arm.c; sourceTree = "<group>"; };
		9007E06F10EE3F0A00928CAE /* dyncall_thunk_arm9_arm.h */ = {isa = PBXFileReference; fileEncoding = 4; lastKnownFileType = sourcecode.c.h; path = dyncall_thunk_arm9_arm.h; sourceTree = "<group>"; };
		9007E07010EE3F0A00928CAE /* dyncall_thunk_ppc32.c */ = {isa = PBXFileReference; fileEncoding = 4; lastKnownFileType = sourcecode.c.c; path = dyncall_thunk_ppc32.c; sourceTree = "<group>"; };
		9007E07110EE3F0A00928CAE /* dyncall_thunk_ppc32.h */ = {isa = PBXFileReference; fileEncoding = 4; lastKnownFileType = sourcecode.c.h; path = dyncall_thunk_ppc32.h; sourceTree = "<group>"; };
		9007E07210EE3F0A00928CAE /* dyncall_thunk_x64.c */ = {isa = PBXFileReference; fileEncoding = 4; lastKnownFileType = sourcecode.c.c; path = dyncall_thunk_x64.c; sourceTree = "<group>"; };
		9007E07310EE3F0A00928CAE /* dyncall_thunk_x64.h */ = {isa = PBXFileReference; fileEncoding = 4; lastKnownFileType = sourcecode.c.h; path = dyncall_thunk_x64.h; sourceTree = "<group>"; };
		9007E07410EE3F0A00928CAE /* dyncall_thunk_x86.c */ = {isa = PBXFileReference; fileEncoding = 4; lastKnownFileType = sourcecode.c.c; path = dyncall_thunk_x86.c; sourceTree = "<group>"; };
		9007E07510EE3F0A00928CAE /* dyncall_thunk_x86.h */ = {isa = PBXFileReference; fileEncoding = 4; lastKnownFileType = sourcecode.c.h; path = dyncall_thunk_x86.h; sourceTree = "<group>"; };
		9007E07610EE3F0A00928CAE /* GNUmakefile */ = {isa = PBXFileReference; fileEncoding = 4; lastKnownFileType = text; path = GNUmakefile; sourceTree = "<group>"; };
		9007E07710EE3F0A00928CAE /* Nmakefile */ = {isa = PBXFileReference; fileEncoding = 4; lastKnownFileType = text; path = Nmakefile; sourceTree = "<group>"; };
		9007E07810EE3F0A00928CAE /* README.txt */ = {isa = PBXFileReference; fileEncoding = 4; lastKnownFileType = text; path = README.txt; sourceTree = "<group>"; };
		9007E07910EE3F0A00928CAE /* TODO */ = {isa = PBXFileReference; fileEncoding = 4; lastKnownFileType = text; path = TODO; sourceTree = "<group>"; };
		9007E07B10EE3F0A00928CAE /* BSDmakefile */ = {isa = PBXFileReference; fileEncoding = 4; lastKnownFileType = text; path = BSDmakefile; sourceTree = "<group>"; };
		9007E07E10EE3F0A00928CAE /* dyncall_api.o */ = {isa = PBXFileReference; lastKnownFileType = "compiled.mach-o.objfile"; path = dyncall_api.o; sourceTree = "<group>"; };
		9007E07F10EE3F0A00928CAE /* dyncall_call.o */ = {isa = PBXFileReference; lastKnownFileType = "compiled.mach-o.objfile"; path = dyncall_call.o; sourceTree = "<group>"; };
		9007E08010EE3F0A00928CAE /* dyncall_callf.o */ = {isa = PBXFileReference; lastKnownFileType = "compiled.mach-o.objfile"; path = dyncall_callf.o; sourceTree = "<group>"; };
		9007E08110EE3F0A00928CAE /* dyncall_callvm.o */ = {isa = PBXFileReference; lastKnownFileType = "compiled.mach-o.objfile"; path = dyncall_callvm.o; sourceTree = "<group>"; };
		9007E08210EE3F0A00928CAE /* dyncall_vector.o */ = {isa = PBXFileReference; lastKnownFileType = "compiled.mach-o.objfile"; path = dyncall_vector.o; sourceTree = "<group>"; };
		9007E08310EE3F0A00928CAE /* libdyncall_s.a */ = {isa = PBXFileReference; lastKnownFileType = archive.ar; path = libdyncall_s.a; sourceTree = "<group>"; };
		9007E08510EE3F0A00928CAE /* dyncall_api.o */ = {isa = PBXFileReference; lastKnownFileType = "compiled.mach-o.objfile"; path = dyncall_api.o; sourceTree = "<group>"; };
		9007E08610EE3F0A00928CAE /* dyncall_call.o */ = {isa = PBXFileReference; lastKnownFileType = "compiled.mach-o.objfile"; path = dyncall_call.o; sourceTree = "<group>"; };
		9007E08710EE3F0A00928CAE /* dyncall_callf.o */ = {isa = PBXFileReference; lastKnownFileType = "compiled.mach-o.objfile"; path = dyncall_callf.o; sourceTree = "<group>"; };
		9007E08810EE3F0A00928CAE /* dyncall_callvm.o */ = {isa = PBXFileReference; lastKnownFileType = "compiled.mach-o.objfile"; path = dyncall_callvm.o; sourceTree = "<group>"; };
		9007E08910EE3F0A00928CAE /* dyncall_vector.o */ = {isa = PBXFileReference; lastKnownFileType = "compiled.mach-o.objfile"; path = dyncall_vector.o; sourceTree = "<group>"; };
		9007E08A10EE3F0A00928CAE /* libdyncall_s.a */ = {isa = PBXFileReference; lastKnownFileType = archive.ar; path = libdyncall_s.a; sourceTree = "<group>"; };
		9007E08B10EE3F0A00928CAE /* dyncall.h */ = {isa = PBXFileReference; fileEncoding = 4; lastKnownFileType = sourcecode.c.h; path = dyncall.h; sourceTree = "<group>"; };
		9007E08C10EE3F0A00928CAE /* dyncall_alloc.h */ = {isa = PBXFileReference; fileEncoding = 4; lastKnownFileType = sourcecode.c.h; path = dyncall_alloc.h; sourceTree = "<group>"; };
		9007E08D10EE3F0A00928CAE /* dyncall_api.c */ = {isa = PBXFileReference; fileEncoding = 4; lastKnownFileType = sourcecode.c.c; path = dyncall_api.c; sourceTree = "<group>"; };
		9007E08E10EE3F0A00928CAE /* dyncall_call.S */ = {isa = PBXFileReference; fileEncoding = 4; lastKnownFileType = sourcecode.asm; path = dyncall_call.S; sourceTree = "<group>"; };
		9007E08F10EE3F0A00928CAE /* dyncall_call_arm9_arm.h */ = {isa = PBXFileReference; fileEncoding = 4; lastKnownFileType = sourcecode.c.h; path = dyncall_call_arm9_arm.h; sourceTree = "<group>"; };
		9007E09010EE3F0A00928CAE /* dyncall_call_arm9_arm_gas.s */ = {isa = PBXFileReference; fileEncoding = 4; lastKnownFileType = sourcecode.asm; path = dyncall_call_arm9_arm_gas.s; sourceTree = "<group>"; };
		9007E09110EE3F0A00928CAE /* dyncall_call_arm9_thumb.h */ = {isa = PBXFileReference; fileEncoding = 4; lastKnownFileType = sourcecode.c.h; path = dyncall_call_arm9_thumb.h; sourceTree = "<group>"; };
		9007E09210EE3F0A00928CAE /* dyncall_call_arm9_thumb_gas.s */ = {isa = PBXFileReference; fileEncoding = 4; lastKnownFileType = sourcecode.asm; path = dyncall_call_arm9_thumb_gas.s; sourceTree = "<group>"; };
		9007E09310EE3F0A00928CAE /* dyncall_call_mips32.h */ = {isa = PBXFileReference; fileEncoding = 4; lastKnownFileType = sourcecode.c.h; path = dyncall_call_mips32.h; sourceTree = "<group>"; };
		9007E09410EE3F0A00928CAE /* dyncall_call_mips32_gas.s */ = {isa = PBXFileReference; fileEncoding = 4; lastKnownFileType = sourcecode.asm; path = dyncall_call_mips32_gas.s; sourceTree = "<group>"; };
		9007E09510EE3F0A00928CAE /* dyncall_call_ppc32.h */ = {isa = PBXFileReference; fileEncoding = 4; lastKnownFileType = sourcecode.c.h; path = dyncall_call_ppc32.h; sourceTree = "<group>"; };
		9007E09610EE3F0A00928CAE /* dyncall_call_ppc32_apple.s */ = {isa = PBXFileReference; fileEncoding = 4; lastKnownFileType = sourcecode.asm; path = dyncall_call_ppc32_apple.s; sourceTree = "<group>"; };
		9007E09710EE3F0A00928CAE /* dyncall_call_ppc32_gas.s */ = {isa = PBXFileReference; fileEncoding = 4; lastKnownFileType = sourcecode.asm; path = dyncall_call_ppc32_gas.s; sourceTree = "<group>"; };
		9007E09810EE3F0A00928CAE /* dyncall_call_x64.h */ = {isa = PBXFileReference; fileEncoding = 4; lastKnownFileType = sourcecode.c.h; path = dyncall_call_x64.h; sourceTree = "<group>"; };
		9007E09910EE3F0A00928CAE /* dyncall_call_x64_apple.s */ = {isa = PBXFileReference; fileEncoding = 4; lastKnownFileType = sourcecode.asm; path = dyncall_call_x64_apple.s; sourceTree = "<group>"; };
		9007E09A10EE3F0A00928CAE /* dyncall_call_x64_gas.s */ = {isa = PBXFileReference; fileEncoding = 4; lastKnownFileType = sourcecode.asm; path = dyncall_call_x64_gas.s; sourceTree = "<group>"; };
		9007E09B10EE3F0A00928CAE /* dyncall_call_x64_masm.asm */ = {isa = PBXFileReference; fileEncoding = 4; lastKnownFileType = sourcecode.asm.asm; path = dyncall_call_x64_masm.asm; sourceTree = "<group>"; };
		9007E09C10EE3F0A00928CAE /* dyncall_call_x86.h */ = {isa = PBXFileReference; fileEncoding = 4; lastKnownFileType = sourcecode.c.h; path = dyncall_call_x86.h; sourceTree = "<group>"; };
		9007E09D10EE3F0A00928CAE /* dyncall_call_x86_apple.s */ = {isa = PBXFileReference; fileEncoding = 4; lastKnownFileType = sourcecode.asm; path = dyncall_call_x86_apple.s; sourceTree = "<group>"; };
		9007E09E10EE3F0A00928CAE /* dyncall_call_x86_gas.S */ = {isa = PBXFileReference; fileEncoding = 4; lastKnownFileType = sourcecode.asm; path = dyncall_call_x86_gas.S; sourceTree = "<group>"; };
		9007E09F10EE3F0A00928CAE /* dyncall_call_x86_masm.asm */ = {isa = PBXFileReference; fileEncoding = 4; lastKnownFileType = sourcecode.asm.asm; path = dyncall_call_x86_masm.asm; sourceTree = "<group>"; };
		9007E0A010EE3F0A00928CAE /* dyncall_call_x86_nasm.asm */ = {isa = PBXFileReference; fileEncoding = 4; lastKnownFileType = sourcecode.asm.asm; path = dyncall_call_x86_nasm.asm; sourceTree = "<group>"; };
		9007E0A110EE3F0A00928CAE /* dyncall_callf.c */ = {isa = PBXFileReference; fileEncoding = 4; lastKnownFileType = sourcecode.c.c; path = dyncall_callf.c; sourceTree = "<group>"; };
		9007E0A210EE3F0A00928CAE /* dyncall_callf.h */ = {isa = PBXFileReference; fileEncoding = 4; lastKnownFileType = sourcecode.c.h; path = dyncall_callf.h; sourceTree = "<group>"; };
		9007E0A310EE3F0A00928CAE /* dyncall_callvm.c */ = {isa = PBXFileReference; fileEncoding = 4; lastKnownFileType = sourcecode.c.c; path = dyncall_callvm.c; sourceTree = "<group>"; };
		9007E0A410EE3F0A00928CAE /* dyncall_callvm.h */ = {isa = PBXFileReference; fileEncoding = 4; lastKnownFileType = sourcecode.c.h; path = dyncall_callvm.h; sourceTree = "<group>"; };
		9007E0A510EE3F0A00928CAE /* dyncall_callvm_arm9_arm.c */ = {isa = PBXFileReference; fileEncoding = 4; lastKnownFileType = sourcecode.c.c; path = dyncall_callvm_arm9_arm.c; sourceTree = "<group>"; };
		9007E0A610EE3F0A00928CAE /* dyncall_callvm_arm9_arm.h */ = {isa = PBXFileReference; fileEncoding = 4; lastKnownFileType = sourcecode.c.h; path = dyncall_callvm_arm9_arm.h; sourceTree = "<group>"; };
		9007E0A710EE3F0A00928CAE /* dyncall_callvm_arm9_thumb.c */ = {isa = PBXFileReference; fileEncoding = 4; lastKnownFileType = sourcecode.c.c; path = dyncall_callvm_arm9_thumb.c; sourceTree = "<group>"; };
		9007E0A810EE3F0A00928CAE /* dyncall_callvm_arm9_thumb.h */ = {isa = PBXFileReference; fileEncoding = 4; lastKnownFileType = sourcecode.c.h; path = dyncall_callvm_arm9_thumb.h; sourceTree = "<group>"; };
		9007E0A910EE3F0A00928CAE /* dyncall_callvm_mips32.c */ = {isa = PBXFileReference; fileEncoding = 4; lastKnownFileType = sourcecode.c.c; path = dyncall_callvm_mips32.c; sourceTree = "<group>"; };
		9007E0AA10EE3F0A00928CAE /* dyncall_callvm_mips32.h */ = {isa = PBXFileReference; fileEncoding = 4; lastKnownFileType = sourcecode.c.h; path = dyncall_callvm_mips32.h; sourceTree = "<group>"; };
		9007E0AB10EE3F0A00928CAE /* dyncall_callvm_ppc32.c */ = {isa = PBXFileReference; fileEncoding = 4; lastKnownFileType = sourcecode.c.c; path = dyncall_callvm_ppc32.c; sourceTree = "<group>"; };
		9007E0AC10EE3F0A00928CAE /* dyncall_callvm_ppc32.h */ = {isa = PBXFileReference; fileEncoding = 4; lastKnownFileType = sourcecode.c.h; path = dyncall_callvm_ppc32.h; sourceTree = "<group>"; };
		9007E0AD10EE3F0A00928CAE /* dyncall_callvm_x64.c */ = {isa = PBXFileReference; fileEncoding = 4; lastKnownFileType = sourcecode.c.c; path = dyncall_callvm_x64.c; sourceTree = "<group>"; };
		9007E0AE10EE3F0A00928CAE /* dyncall_callvm_x64.h */ = {isa = PBXFileReference; fileEncoding = 4; lastKnownFileType = sourcecode.c.h; path = dyncall_callvm_x64.h; sourceTree = "<group>"; };
		9007E0AF10EE3F0A00928CAE /* dyncall_callvm_x86.c */ = {isa = PBXFileReference; fileEncoding = 4; lastKnownFileType = sourcecode.c.c; path = dyncall_callvm_x86.c; sourceTree = "<group>"; };
		9007E0B010EE3F0A00928CAE /* dyncall_callvm_x86.h */ = {isa = PBXFileReference; fileEncoding = 4; lastKnownFileType = sourcecode.c.h; path = dyncall_callvm_x86.h; sourceTree = "<group>"; };
		9007E0B110EE3F0A00928CAE /* dyncall_config.h */ = {isa = PBXFileReference; fileEncoding = 4; lastKnownFileType = sourcecode.c.h; path = dyncall_config.h; sourceTree = "<group>"; };
		9007E0B210EE3F0A00928CAE /* dyncall_macros.h */ = {isa = PBXFileReference; fileEncoding = 4; lastKnownFileType = sourcecode.c.h; path = dyncall_macros.h; sourceTree = "<group>"; };
		9007E0B310EE3F0A00928CAE /* dyncall_signature.h */ = {isa = PBXFileReference; fileEncoding = 4; lastKnownFileType = sourcecode.c.h; path = dyncall_signature.h; sourceTree = "<group>"; };
		9007E0B410EE3F0A00928CAE /* dyncall_types.h */ = {isa = PBXFileReference; fileEncoding = 4; lastKnownFileType = sourcecode.c.h; path = dyncall_types.h; sourceTree = "<group>"; };
		9007E0B510EE3F0A00928CAE /* dyncall_value.h */ = {isa = PBXFileReference; fileEncoding = 4; lastKnownFileType = sourcecode.c.h; path = dyncall_value.h; sourceTree = "<group>"; };
		9007E0B610EE3F0A00928CAE /* dyncall_vector.c */ = {isa = PBXFileReference; fileEncoding = 4; lastKnownFileType = sourcecode.c.c; path = dyncall_vector.c; sourceTree = "<group>"; };
		9007E0B710EE3F0A00928CAE /* dyncall_vector.h */ = {isa = PBXFileReference; fileEncoding = 4; lastKnownFileType = sourcecode.c.h; path = dyncall_vector.h; sourceTree = "<group>"; };
		9007E0B810EE3F0A00928CAE /* GNUmakefile */ = {isa = PBXFileReference; fileEncoding = 4; lastKnownFileType = text; path = GNUmakefile; sourceTree = "<group>"; };
		9007E0B910EE3F0A00928CAE /* Makefile.psp */ = {isa = PBXFileReference; fileEncoding = 4; lastKnownFileType = text; path = Makefile.psp; sourceTree = "<group>"; };
		9007E0BA10EE3F0A00928CAE /* Nmakefile */ = {isa = PBXFileReference; fileEncoding = 4; lastKnownFileType = text; path = Nmakefile; sourceTree = "<group>"; };
		9007E0BB10EE3F0A00928CAE /* README.txt */ = {isa = PBXFileReference; fileEncoding = 4; lastKnownFileType = text; path = README.txt; sourceTree = "<group>"; };
		9007E0BC10EE3F0A00928CAE /* TODO */ = {isa = PBXFileReference; fileEncoding = 4; lastKnownFileType = text; path = TODO; sourceTree = "<group>"; };
		9007E0BE10EE3F0A00928CAE /* BSDmakefile */ = {isa = PBXFileReference; fileEncoding = 4; lastKnownFileType = text; path = BSDmakefile; sourceTree = "<group>"; };
		9007E0C110EE3F0A00928CAE /* dynload.o */ = {isa = PBXFileReference; lastKnownFileType = "compiled.mach-o.objfile"; path = dynload.o; sourceTree = "<group>"; };
		9007E0C210EE3F0A00928CAE /* dynload_syms.o */ = {isa = PBXFileReference; lastKnownFileType = "compiled.mach-o.objfile"; path = dynload_syms.o; sourceTree = "<group>"; };
		9007E0C310EE3F0A00928CAE /* libdynload_s.a */ = {isa = PBXFileReference; lastKnownFileType = archive.ar; path = libdynload_s.a; sourceTree = "<group>"; };
		9007E0C510EE3F0A00928CAE /* dynload.o */ = {isa = PBXFileReference; lastKnownFileType = "compiled.mach-o.objfile"; path = dynload.o; sourceTree = "<group>"; };
		9007E0C610EE3F0A00928CAE /* dynload_syms.o */ = {isa = PBXFileReference; lastKnownFileType = "compiled.mach-o.objfile"; path = dynload_syms.o; sourceTree = "<group>"; };
		9007E0C710EE3F0A00928CAE /* libdynload_s.a */ = {isa = PBXFileReference; lastKnownFileType = archive.ar; path = libdynload_s.a; sourceTree = "<group>"; };
		9007E0C810EE3F0A00928CAE /* dynload.c */ = {isa = PBXFileReference; fileEncoding = 4; lastKnownFileType = sourcecode.c.c; path = dynload.c; sourceTree = "<group>"; };
		9007E0C910EE3F0A00928CAE /* dynload.h */ = {isa = PBXFileReference; fileEncoding = 4; lastKnownFileType = sourcecode.c.h; path = dynload.h; sourceTree = "<group>"; };
		9007E0CA10EE3F0A00928CAE /* dynload_macros.h */ = {isa = PBXFileReference; fileEncoding = 4; lastKnownFileType = sourcecode.c.h; path = dynload_macros.h; sourceTree = "<group>"; };
		9007E0CB10EE3F0A00928CAE /* dynload_syms.c */ = {isa = PBXFileReference; fileEncoding = 4; lastKnownFileType = sourcecode.c.c; path = dynload_syms.c; sourceTree = "<group>"; };
		9007E0CC10EE3F0A00928CAE /* dynload_syms_elf.c */ = {isa = PBXFileReference; fileEncoding = 4; lastKnownFileType = sourcecode.c.c; path = dynload_syms_elf.c; sourceTree = "<group>"; };
		9007E0CD10EE3F0A00928CAE /* dynload_syms_pe32.c */ = {isa = PBXFileReference; fileEncoding = 4; lastKnownFileType = sourcecode.c.c; path = dynload_syms_pe32.c; sourceTree = "<group>"; };
		9007E0CE10EE3F0A00928CAE /* dynload_unix.c */ = {isa = PBXFileReference; fileEncoding = 4; lastKnownFileType = sourcecode.c.c; path = dynload_unix.c; sourceTree = "<group>"; };
		9007E0CF10EE3F0A00928CAE /* dynload_win32.c */ = {isa = PBXFileReference; fileEncoding = 4; lastKnownFileType = sourcecode.c.c; path = dynload_win32.c; sourceTree = "<group>"; };
		9007E0D010EE3F0A00928CAE /* GNUmakefile */ = {isa = PBXFileReference; fileEncoding = 4; lastKnownFileType = text; path = GNUmakefile; sourceTree = "<group>"; };
		9007E0D110EE3F0A00928CAE /* Nmakefile */ = {isa = PBXFileReference; fileEncoding = 4; lastKnownFileType = text; path = Nmakefile; sourceTree = "<group>"; };
		9007E0D210EE3F0A00928CAE /* README.txt */ = {isa = PBXFileReference; fileEncoding = 4; lastKnownFileType = text; path = README.txt; sourceTree = "<group>"; };
		9007E0D910EE3F1B00928CAE /* JavaToNativeCallHandler.o */ = {isa = PBXFileReference; lastKnownFileType = "compiled.mach-o.objfile"; path = JavaToNativeCallHandler.o; sourceTree = "<group>"; };
		9007E0DA10EE3F1B00928CAE /* JNI.o */ = {isa = PBXFileReference; lastKnownFileType = "compiled.mach-o.objfile"; path = JNI.o; sourceTree = "<group>"; };
		9007E0DC10EE3F1B00928CAE /* libbridj.dylib */ = {isa = PBXFileReference; lastKnownFileType = "compiled.mach-o.dylib"; path = libbridj.dylib; sourceTree = "<group>"; };
		9007E0DD10EE3F1B00928CAE /* libtest.dylib */ = {isa = PBXFileReference; lastKnownFileType = "compiled.mach-o.dylib"; path = libtest.dylib; sourceTree = "<group>"; };
		9007E0E010EE3F1B00928CAE /* Pointer.o */ = {isa = PBXFileReference; lastKnownFileType = "compiled.mach-o.objfile"; path = Pointer.o; sourceTree = "<group>"; };
		9007E0E110EE3F1B00928CAE /* RawNativeForwardCallback.o */ = {isa = PBXFileReference; lastKnownFileType = "compiled.mach-o.objfile"; path = RawNativeForwardCallback.o; sourceTree = "<group>"; };
		9007E0E610EE3F1B00928CAE /* JavaToNativeCallHandler.o */ = {isa = PBXFileReference; lastKnownFileType = "compiled.mach-o.objfile"; path = JavaToNativeCallHandler.o; sourceTree = "<group>"; };
		9007E0E710EE3F1B00928CAE /* JNI.o */ = {isa = PBXFileReference; lastKnownFileType = "compiled.mach-o.objfile"; path = JNI.o; sourceTree = "<group>"; };
		9007E0E910EE3F1B00928CAE /* libbridj.dylib */ = {isa = PBXFileReference; lastKnownFileType = "compiled.mach-o.dylib"; path = libbridj.dylib; sourceTree = "<group>"; };
		9007E0ED10EE3F1B00928CAE /* Pointer.o */ = {isa = PBXFileReference; lastKnownFileType = "compiled.mach-o.objfile"; path = Pointer.o; sourceTree = "<group>"; };
		9007E0EE10EE3F1B00928CAE /* RawNativeForwardCallback.o */ = {isa = PBXFileReference; lastKnownFileType = "compiled.mach-o.objfile"; path = RawNativeForwardCallback.o; sourceTree = "<group>"; };
		9007E0F710EE3F1C00928CAE /* GNUmakefile */ = {isa = PBXFileReference; fileEncoding = 4; lastKnownFileType = text; path = GNUmakefile; sourceTree = "<group>"; };
		9007E0F810EE3F1C00928CAE /* JavaToNativeCallHandler.c */ = {isa = PBXFileReference; fileEncoding = 4; lastKnownFileType = sourcecode.c.c; path = JavaToNativeCallHandler.c; sourceTree = "<group>"; };
		9007E0F910EE3F1C00928CAE /* bridj.hpp */ = {isa = PBXFileReference; fileEncoding = 4; lastKnownFileType = sourcecode.c.h; path = bridj.hpp; sourceTree = "<group>"; };
		9007E0FC10EE3F1C00928CAE /* JNI.c */ = {isa = PBXFileReference; fileEncoding = 4; lastKnownFileType = sourcecode.c.c; path = JNI.c; sourceTree = "<group>"; };
		9007E10610EE3F1C00928CAE /* Pointer.c */ = {isa = PBXFileReference; fileEncoding = 4; lastKnownFileType = sourcecode.c.c; path = Pointer.c; sourceTree = "<group>"; };
		9007E10710EE3F1C00928CAE /* RawNativeForwardCallback.c */ = {isa = PBXFileReference; fileEncoding = 4; lastKnownFileType = sourcecode.c.c; path = RawNativeForwardCallback.c; sourceTree = "<group>"; };
		9007E10810EE3F1C00928CAE /* RawNativeForwardCallback.h */ = {isa = PBXFileReference; fileEncoding = 4; lastKnownFileType = sourcecode.c.h; path = RawNativeForwardCallback.h; sourceTree = "<group>"; };
		9007E10910EE3F1C00928CAE /* RawNativeForwardCallback_WIN32_masm.asm */ = {isa = PBXFileReference; fileEncoding = 4; lastKnownFileType = sourcecode.asm.asm; path = RawNativeForwardCallback_WIN32_masm.asm; sourceTree = "<group>"; };
		9007E10A10EE3F1C00928CAE /* RawNativeForwardCallback_WIN64_masm.asm */ = {isa = PBXFileReference; fileEncoding = 4; lastKnownFileType = sourcecode.asm.asm; path = RawNativeForwardCallback_WIN64_masm.asm; sourceTree = "<group>"; };
		90DC54271133337000F33FC9 /* dynload_syms_darwin.c */ = {isa = PBXFileReference; fileEncoding = 4; lastKnownFileType = sourcecode.c.c; path = dynload_syms_darwin.c; sourceTree = "<group>"; };
		90DC54281133337C00F33FC9 /* dynload_darwin.c */ = {isa = PBXFileReference; fileEncoding = 4; lastKnownFileType = sourcecode.c.c; path = dynload_darwin.c; sourceTree = "<group>"; };
		90FD14AC11335069006462C7 /* dynload_darwin.c */ = {isa = PBXFileReference; fileEncoding = 4; lastKnownFileType = sourcecode.c.c; path = dynload_darwin.c; sourceTree = "<group>"; };
		90FD14AD11335069006462C7 /* dynload_syms_darwin.c */ = {isa = PBXFileReference; fileEncoding = 4; lastKnownFileType = sourcecode.c.c; path = dynload_syms_darwin.c; sourceTree = "<group>"; };
/* End PBXFileReference section */

/* Begin PBXGroup section */
		08FB7794FE84155DC02AAC07 /* bridj */ = {
			isa = PBXGroup;
			children = (
				9007E0D310EE3F1B00928CAE /* bridj */,
				9007E03E10EE3F0A00928CAE /* dyncallback */,
				9007E07A10EE3F0A00928CAE /* dyncall */,
				9007E0BD10EE3F0A00928CAE /* dynload */,
			);
			name = bridj;
			sourceTree = "<group>";
		};
		9007E03E10EE3F0A00928CAE /* dyncallback */ = {
			isa = PBXGroup;
			children = (
				9007E03F10EE3F0A00928CAE /* BSDmakefile */,
				9007E04010EE3F0A00928CAE /* build_out */,
				9007E04F10EE3F0A00928CAE /* dyncall_alloc_wx.c */,
				9007E05010EE3F0A00928CAE /* dyncall_alloc_wx.h */,
				9007E05110EE3F0A00928CAE /* dyncall_alloc_wx_malloc.c */,
				9007E05210EE3F0A00928CAE /* dyncall_alloc_wx_mmap.c */,
				9007E05310EE3F0A00928CAE /* dyncall_alloc_wx_win32.c */,
				9007E05410EE3F0A00928CAE /* dyncall_args.c */,
				9007E05510EE3F0A00928CAE /* dyncall_args.h */,
				9007E05610EE3F0A00928CAE /* dyncall_args_ppc32.c */,
				9007E05710EE3F0A00928CAE /* dyncall_args_ppc32.h */,
				9007E05810EE3F0A00928CAE /* dyncall_args_x64.c */,
				9007E05910EE3F0A00928CAE /* dyncall_args_x64.h */,
				9007E05A10EE3F0A00928CAE /* dyncall_args_x86.c */,
				9007E05B10EE3F0A00928CAE /* dyncall_args_x86.h */,
				9007E05C10EE3F0A00928CAE /* dyncall_callback.c */,
				9007E05D10EE3F0A00928CAE /* dyncall_callback.h */,
				9007E05E10EE3F0A00928CAE /* dyncall_callback_arch.S */,
				9007E05F10EE3F0A00928CAE /* dyncall_callback_ppc32.c */,
				9007E06010EE3F0A00928CAE /* dyncall_callback_ppc32.h */,
				9007E06110EE3F0A00928CAE /* dyncall_callback_ppc32_apple.s */,
				9007E06210EE3F0A00928CAE /* dyncall_callback_x64.c */,
				9007E06310EE3F0A00928CAE /* dyncall_callback_x64.h */,
				9007E06410EE3F0A00928CAE /* dyncall_callback_x64_apple.s */,
				9007E06510EE3F0A00928CAE /* dyncall_callback_x64_gas.s */,
				9007E06610EE3F0A00928CAE /* dyncall_callback_x64_masm.asm */,
				9007E06710EE3F0A00928CAE /* dyncall_callback_x86.c */,
				9007E06810EE3F0A00928CAE /* dyncall_callback_x86.h */,
				9007E06910EE3F0A00928CAE /* dyncall_callback_x86_apple.s */,
				9007E06A10EE3F0A00928CAE /* dyncall_callback_x86_gas.S */,
				9007E06B10EE3F0A00928CAE /* dyncall_callback_x86_masm.asm */,
				9007E06C10EE3F0A00928CAE /* dyncall_thunk.c */,
				9007E06D10EE3F0A00928CAE /* dyncall_thunk.h */,
				9007E06E10EE3F0A00928CAE /* dyncall_thunk_arm9_arm.c */,
				9007E06F10EE3F0A00928CAE /* dyncall_thunk_arm9_arm.h */,
				9007E07010EE3F0A00928CAE /* dyncall_thunk_ppc32.c */,
				9007E07110EE3F0A00928CAE /* dyncall_thunk_ppc32.h */,
				9007E07210EE3F0A00928CAE /* dyncall_thunk_x64.c */,
				9007E07310EE3F0A00928CAE /* dyncall_thunk_x64.h */,
				9007E07410EE3F0A00928CAE /* dyncall_thunk_x86.c */,
				9007E07510EE3F0A00928CAE /* dyncall_thunk_x86.h */,
				9007E07610EE3F0A00928CAE /* GNUmakefile */,
				9007E07710EE3F0A00928CAE /* Nmakefile */,
				9007E07810EE3F0A00928CAE /* README.txt */,
				9007E07910EE3F0A00928CAE /* TODO */,
			);
			name = dyncallback;
			path = ../../../../../../../../../../../../../../src/dyncall/dyncall/dyncallback;
			sourceTree = SOURCE_ROOT;
		};
		9007E04010EE3F0A00928CAE /* build_out */ = {
			isa = PBXGroup;
			children = (
				9007E04110EE3F0A00928CAE /* darwin_universal_gcc_debug */,
				9007E04810EE3F0A00928CAE /* darwin_universal_gcc_release */,
			);
			path = build_out;
			sourceTree = "<group>";
		};
		9007E04110EE3F0A00928CAE /* darwin_universal_gcc_debug */ = {
			isa = PBXGroup;
			children = (
				9007E04210EE3F0A00928CAE /* dyncall_alloc_wx.o */,
				9007E04310EE3F0A00928CAE /* dyncall_args.o */,
				9007E04410EE3F0A00928CAE /* dyncall_callback.o */,
				9007E04510EE3F0A00928CAE /* dyncall_callback_arch.o */,
				9007E04610EE3F0A00928CAE /* dyncall_thunk.o */,
				9007E04710EE3F0A00928CAE /* libdyncallback_s.a */,
			);
			path = darwin_universal_gcc_debug;
			sourceTree = "<group>";
		};
		9007E04810EE3F0A00928CAE /* darwin_universal_gcc_release */ = {
			isa = PBXGroup;
			children = (
				9007E04910EE3F0A00928CAE /* dyncall_alloc_wx.o */,
				9007E04A10EE3F0A00928CAE /* dyncall_args.o */,
				9007E04B10EE3F0A00928CAE /* dyncall_callback.o */,
				9007E04C10EE3F0A00928CAE /* dyncall_callback_arch.o */,
				9007E04D10EE3F0A00928CAE /* dyncall_thunk.o */,
				9007E04E10EE3F0A00928CAE /* libdyncallback_s.a */,
			);
			path = darwin_universal_gcc_release;
			sourceTree = "<group>";
		};
		9007E07A10EE3F0A00928CAE /* dyncall */ = {
			isa = PBXGroup;
			children = (
				9007E07B10EE3F0A00928CAE /* BSDmakefile */,
				9007E07C10EE3F0A00928CAE /* build_out */,
				9007E08B10EE3F0A00928CAE /* dyncall.h */,
				9007E08C10EE3F0A00928CAE /* dyncall_alloc.h */,
				9007E08D10EE3F0A00928CAE /* dyncall_api.c */,
				9007E08E10EE3F0A00928CAE /* dyncall_call.S */,
				9007E08F10EE3F0A00928CAE /* dyncall_call_arm9_arm.h */,
				9007E09010EE3F0A00928CAE /* dyncall_call_arm9_arm_gas.s */,
				9007E09110EE3F0A00928CAE /* dyncall_call_arm9_thumb.h */,
				9007E09210EE3F0A00928CAE /* dyncall_call_arm9_thumb_gas.s */,
				9007E09310EE3F0A00928CAE /* dyncall_call_mips32.h */,
				9007E09410EE3F0A00928CAE /* dyncall_call_mips32_gas.s */,
				9007E09510EE3F0A00928CAE /* dyncall_call_ppc32.h */,
				9007E09610EE3F0A00928CAE /* dyncall_call_ppc32_apple.s */,
				9007E09710EE3F0A00928CAE /* dyncall_call_ppc32_gas.s */,
				9007E09810EE3F0A00928CAE /* dyncall_call_x64.h */,
				9007E09910EE3F0A00928CAE /* dyncall_call_x64_apple.s */,
				9007E09A10EE3F0A00928CAE /* dyncall_call_x64_gas.s */,
				9007E09B10EE3F0A00928CAE /* dyncall_call_x64_masm.asm */,
				9007E09C10EE3F0A00928CAE /* dyncall_call_x86.h */,
				9007E09D10EE3F0A00928CAE /* dyncall_call_x86_apple.s */,
				9007E09E10EE3F0A00928CAE /* dyncall_call_x86_gas.S */,
				9007E09F10EE3F0A00928CAE /* dyncall_call_x86_masm.asm */,
				9007E0A010EE3F0A00928CAE /* dyncall_call_x86_nasm.asm */,
				9007E0A110EE3F0A00928CAE /* dyncall_callf.c */,
				9007E0A210EE3F0A00928CAE /* dyncall_callf.h */,
				9007E0A310EE3F0A00928CAE /* dyncall_callvm.c */,
				9007E0A410EE3F0A00928CAE /* dyncall_callvm.h */,
				9007E0A510EE3F0A00928CAE /* dyncall_callvm_arm9_arm.c */,
				9007E0A610EE3F0A00928CAE /* dyncall_callvm_arm9_arm.h */,
				9007E0A710EE3F0A00928CAE /* dyncall_callvm_arm9_thumb.c */,
				9007E0A810EE3F0A00928CAE /* dyncall_callvm_arm9_thumb.h */,
				9007E0A910EE3F0A00928CAE /* dyncall_callvm_mips32.c */,
				9007E0AA10EE3F0A00928CAE /* dyncall_callvm_mips32.h */,
				9007E0AB10EE3F0A00928CAE /* dyncall_callvm_ppc32.c */,
				9007E0AC10EE3F0A00928CAE /* dyncall_callvm_ppc32.h */,
				9007E0AD10EE3F0A00928CAE /* dyncall_callvm_x64.c */,
				9007E0AE10EE3F0A00928CAE /* dyncall_callvm_x64.h */,
				9007E0AF10EE3F0A00928CAE /* dyncall_callvm_x86.c */,
				9007E0B010EE3F0A00928CAE /* dyncall_callvm_x86.h */,
				9007E0B110EE3F0A00928CAE /* dyncall_config.h */,
				9007E0B210EE3F0A00928CAE /* dyncall_macros.h */,
				9007E0B310EE3F0A00928CAE /* dyncall_signature.h */,
				9007E0B410EE3F0A00928CAE /* dyncall_types.h */,
				9007E0B510EE3F0A00928CAE /* dyncall_value.h */,
				9007E0B610EE3F0A00928CAE /* dyncall_vector.c */,
				9007E0B710EE3F0A00928CAE /* dyncall_vector.h */,
				9007E0B810EE3F0A00928CAE /* GNUmakefile */,
				9007E0B910EE3F0A00928CAE /* Makefile.psp */,
				9007E0BA10EE3F0A00928CAE /* Nmakefile */,
				9007E0BB10EE3F0A00928CAE /* README.txt */,
				9007E0BC10EE3F0A00928CAE /* TODO */,
			);
			name = dyncall;
			path = ../../../../../../../../../../../../../../src/dyncall/dyncall/dyncall;
			sourceTree = SOURCE_ROOT;
		};
		9007E07C10EE3F0A00928CAE /* build_out */ = {
			isa = PBXGroup;
			children = (
				9007E07D10EE3F0A00928CAE /* darwin_universal_gcc_debug */,
				9007E08410EE3F0A00928CAE /* darwin_universal_gcc_release */,
			);
			path = build_out;
			sourceTree = "<group>";
		};
		9007E07D10EE3F0A00928CAE /* darwin_universal_gcc_debug */ = {
			isa = PBXGroup;
			children = (
				9007E07E10EE3F0A00928CAE /* dyncall_api.o */,
				9007E07F10EE3F0A00928CAE /* dyncall_call.o */,
				9007E08010EE3F0A00928CAE /* dyncall_callf.o */,
				9007E08110EE3F0A00928CAE /* dyncall_callvm.o */,
				9007E08210EE3F0A00928CAE /* dyncall_vector.o */,
				9007E08310EE3F0A00928CAE /* libdyncall_s.a */,
			);
			path = darwin_universal_gcc_debug;
			sourceTree = "<group>";
		};
		9007E08410EE3F0A00928CAE /* darwin_universal_gcc_release */ = {
			isa = PBXGroup;
			children = (
				9007E08510EE3F0A00928CAE /* dyncall_api.o */,
				9007E08610EE3F0A00928CAE /* dyncall_call.o */,
				9007E08710EE3F0A00928CAE /* dyncall_callf.o */,
				9007E08810EE3F0A00928CAE /* dyncall_callvm.o */,
				9007E08910EE3F0A00928CAE /* dyncall_vector.o */,
				9007E08A10EE3F0A00928CAE /* libdyncall_s.a */,
			);
			path = darwin_universal_gcc_release;
			sourceTree = "<group>";
		};
		9007E0BD10EE3F0A00928CAE /* dynload */ = {
			isa = PBXGroup;
			children = (
				90FD14AC11335069006462C7 /* dynload_darwin.c */,
				90FD14AD11335069006462C7 /* dynload_syms_darwin.c */,
				90DC54281133337C00F33FC9 /* dynload_darwin.c */,
				90DC54271133337000F33FC9 /* dynload_syms_darwin.c */,
				9007E0BE10EE3F0A00928CAE /* BSDmakefile */,
				9007E0BF10EE3F0A00928CAE /* build_out */,
				9007E0C810EE3F0A00928CAE /* dynload.c */,
				9007E0C910EE3F0A00928CAE /* dynload.h */,
				9007E0CA10EE3F0A00928CAE /* dynload_macros.h */,
				9007E0CB10EE3F0A00928CAE /* dynload_syms.c */,
				9007E0CC10EE3F0A00928CAE /* dynload_syms_elf.c */,
				9007E0CD10EE3F0A00928CAE /* dynload_syms_pe32.c */,
				9007E0CE10EE3F0A00928CAE /* dynload_unix.c */,
				9007E0CF10EE3F0A00928CAE /* dynload_win32.c */,
				9007E0D010EE3F0A00928CAE /* GNUmakefile */,
				9007E0D110EE3F0A00928CAE /* Nmakefile */,
				9007E0D210EE3F0A00928CAE /* README.txt */,
			);
			name = dynload;
			path = ../../../../../../../../../../../../../../src/dyncall/dyncall/dynload;
			sourceTree = SOURCE_ROOT;
		};
		9007E0BF10EE3F0A00928CAE /* build_out */ = {
			isa = PBXGroup;
			children = (
				9007E0C010EE3F0A00928CAE /* darwin_universal_gcc_debug */,
				9007E0C410EE3F0A00928CAE /* darwin_universal_gcc_release */,
			);
			path = build_out;
			sourceTree = "<group>";
		};
		9007E0C010EE3F0A00928CAE /* darwin_universal_gcc_debug */ = {
			isa = PBXGroup;
			children = (
				9007E0C110EE3F0A00928CAE /* dynload.o */,
				9007E0C210EE3F0A00928CAE /* dynload_syms.o */,
				9007E0C310EE3F0A00928CAE /* libdynload_s.a */,
			);
			path = darwin_universal_gcc_debug;
			sourceTree = "<group>";
		};
		9007E0C410EE3F0A00928CAE /* darwin_universal_gcc_release */ = {
			isa = PBXGroup;
			children = (
				9007E0C510EE3F0A00928CAE /* dynload.o */,
				9007E0C610EE3F0A00928CAE /* dynload_syms.o */,
				9007E0C710EE3F0A00928CAE /* libdynload_s.a */,
			);
			path = darwin_universal_gcc_release;
			sourceTree = "<group>";
		};
		9007E0D310EE3F1B00928CAE /* bridj */ = {
			isa = PBXGroup;
			children = (
				9007E0D510EE3F1B00928CAE /* build_out */,
				9007E0F710EE3F1C00928CAE /* GNUmakefile */,
				9007E0F810EE3F1C00928CAE /* JavaToNativeCallHandler.c */,
				9007E0F910EE3F1C00928CAE /* bridj.hpp */,
				9007E0FC10EE3F1C00928CAE /* JNI.c */,
				9007E10610EE3F1C00928CAE /* Pointer.c */,
				9007E10710EE3F1C00928CAE /* RawNativeForwardCallback.c */,
				9007E10810EE3F1C00928CAE /* RawNativeForwardCallback.h */,
				9007E10910EE3F1C00928CAE /* RawNativeForwardCallback_WIN32_masm.asm */,
				9007E10A10EE3F1C00928CAE /* RawNativeForwardCallback_WIN64_masm.asm */,
			);
			name = bridj;
			path = ../../../bridj;
			sourceTree = SOURCE_ROOT;
		};
		9007E0D510EE3F1B00928CAE /* build_out */ = {
			isa = PBXGroup;
			children = (
				9007E0D610EE3F1B00928CAE /* darwin_universal_gcc_debug */,
				9007E0E310EE3F1B00928CAE /* darwin_universal_gcc_release */,
			);
			path = build_out;
			sourceTree = "<group>";
		};
		9007E0D610EE3F1B00928CAE /* darwin_universal_gcc_debug */ = {
			isa = PBXGroup;
			children = (
				9007E0D910EE3F1B00928CAE /* JavaToNativeCallHandler.o */,
				9007E0DA10EE3F1B00928CAE /* JNI.o */,
				9007E0DC10EE3F1B00928CAE /* libbridj.dylib */,
				9007E0DD10EE3F1B00928CAE /* libtest.dylib */,
				9007E0E010EE3F1B00928CAE /* Pointer.o */,
				9007E0E110EE3F1B00928CAE /* RawNativeForwardCallback.o */,
			);
			path = darwin_universal_gcc_debug;
			sourceTree = "<group>";
		};
		9007E0E310EE3F1B00928CAE /* darwin_universal_gcc_release */ = {
			isa = PBXGroup;
			children = (
				9007E0E610EE3F1B00928CAE /* JavaToNativeCallHandler.o */,
				9007E0E710EE3F1B00928CAE /* JNI.o */,
				9007E0E910EE3F1B00928CAE /* libbridj.dylib */,
				9007E0ED10EE3F1B00928CAE /* Pointer.o */,
				9007E0EE10EE3F1B00928CAE /* RawNativeForwardCallback.o */,
			);
			path = darwin_universal_gcc_release;
			sourceTree = "<group>";
		};
/* End PBXGroup section */

/* Begin PBXLegacyTarget section */
		D28A88AD04BDD90700651E21 /* bridj */ = {
			isa = PBXLegacyTarget;
			buildArgumentsString = "$(ACTION)";
			buildConfigurationList = 1DEB918F08733D9F0010E9CD /* Build configuration list for PBXLegacyTarget "bridj" */;
			buildPhases = (
			);
			buildToolPath = /Users/ochafik/Prog/Java/versionedSources/nativelibs4java/trunk/libraries/Runtime/BridJ/BuildNative;
			buildWorkingDirectory = /Users/ochafik/Prog/Java/versionedSources/nativelibs4java/trunk/libraries/Runtime/BridJ;
			dependencies = (
			);
			name = bridj;
			passBuildSettingsInEnvironment = 0;
			productName = bridj;
		};
/* End PBXLegacyTarget section */

/* Begin PBXProject section */
		08FB7793FE84155DC02AAC07 /* Project object */ = {
			isa = PBXProject;
			buildConfigurationList = 1DEB919308733D9F0010E9CD /* Build configuration list for PBXProject "JDyncall" */;
			compatibilityVersion = "Xcode 3.2";
			hasScannedForEncodings = 1;
			mainGroup = 08FB7794FE84155DC02AAC07 /* bridj */;
			projectDirPath = "";
			projectRoots = (
				"",
				../../../bridj,
			);
			targets = (
				D28A88AD04BDD90700651E21 /* bridj */,
			);
		};
/* End PBXProject section */

/* Begin XCBuildConfiguration section */
		1DEB919008733D9F0010E9CD /* Debug */ = {
			isa = XCBuildConfiguration;
			buildSettings = {
				BUILD_CONFIG = debug;
				DYNCALL_HOME = /Users/ochafik/src/dyncall/dyncall;
			};
			name = Debug;
		};
		1DEB919108733D9F0010E9CD /* Release */ = {
			isa = XCBuildConfiguration;
			buildSettings = {
				DYNCALL_HOME = /Users/ochafik/src/dyncall/dyncall;
			};
			name = Release;
		};
		1DEB919408733D9F0010E9CD /* Debug */ = {
			isa = XCBuildConfiguration;
			buildSettings = {
				ARCHS = "$(ARCHS_STANDARD_32_BIT)";
				GCC_WARN_ABOUT_RETURN_TYPE = YES;
				GCC_WARN_UNUSED_VARIABLE = YES;
				ONLY_ACTIVE_ARCH = YES;
				PREBINDING = NO;
				SDKROOT = macosx10.6;
			};
			name = Debug;
		};
		1DEB919508733D9F0010E9CD /* Release */ = {
			isa = XCBuildConfiguration;
			buildSettings = {
				ARCHS = "$(ARCHS_STANDARD_32_BIT)";
				GCC_WARN_ABOUT_RETURN_TYPE = YES;
				GCC_WARN_UNUSED_VARIABLE = YES;
				PREBINDING = NO;
				SDKROOT = macosx10.6;
			};
			name = Release;
		};
/* End XCBuildConfiguration section */

/* Begin XCConfigurationList section */
		1DEB918F08733D9F0010E9CD /* Build configuration list for PBXLegacyTarget "bridj" */ = {
			isa = XCConfigurationList;
			buildConfigurations = (
				1DEB919008733D9F0010E9CD /* Debug */,
				1DEB919108733D9F0010E9CD /* Release */,
			);
			defaultConfigurationIsVisible = 0;
			defaultConfigurationName = Release;
		};
		1DEB919308733D9F0010E9CD /* Build configuration list for PBXProject "JDyncall" */ = {
			isa = XCConfigurationList;
			buildConfigurations = (
				1DEB919408733D9F0010E9CD /* Debug */,
				1DEB919508733D9F0010E9CD /* Release */,
			);
			defaultConfigurationIsVisible = 0;
			defaultConfigurationName = Release;
		};
/* End XCConfigurationList section */
	};
	rootObject = 08FB7793FE84155DC02AAC07 /* Project object */;
}
