
Microsoft Visual Studio Solution File, Format Version 10.00
# Visual Studio 2008
Project("{8BC9CEB8-8B4A-11D0-8D11-00A0C91BC942}") = "bridj64", "bridj64\bridj64.vcproj", "{07387AE1-67E7-48C7-89E8-BBAE28200196}"
EndProject
Project("{8BC9CEB8-8B4A-11D0-8D11-00A0C91BC942}") = "bridj32", "bridj32\bridj32.vcproj", "{07387AE1-67E7-48C7-89E8-BBAE28200197}"
EndProject
Project("{8BC9CEB8-8B4A-11D0-8D11-00A0C91BC942}") = "test", "test\test.vcproj", "{47AFB4D0-B124-40BC-A379-BA5AD59D5405}"
EndProject
Project("{8BC9CEB8-8B4A-11D0-8D11-00A0C91BC942}") = "dyncall64", "dyncall64\dyncall64.vcproj", "{39E9E4FA-800A-4D71-A2A1-D5BE856B82BF}"
EndProject
Project("{8BC9CEB8-8B4A-11D0-8D11-00A0C91BC942}") = "dyncall32", "dyncall32\dyncall32.vcproj", "{DF67B85F-C8F8-4FB1-A701-867A9C835ABA}"
EndProject
Project("{8BC9CEB8-8B4A-11D0-8D11-00A0C91BC942}") = "dyncallback32", "dyncallback32\dyncallback32.vcproj", "{016DFB90-9945-4104-92B3-963230FCCC04}"
EndProject
Project("{8BC9CEB8-8B4A-11D0-8D11-00A0C91BC942}") = "dyncallback64", "dyncallback64\dyncallback64.vcproj", "{5E5EF2B3-8BA6-4B21-8482-35CDFAE933D9}"
EndProject
Project("{8BC9CEB8-8B4A-11D0-8D11-00A0C91BC942}") = "dynload", "dynload\dynload.vcproj", "{124D59C2-1412-4F02-AE80-1ADA83166F83}"
EndProject
Project("{8BC9CEB8-8B4A-11D0-8D11-00A0C91BC942}") = "testexe", "testexe\testexe.vcproj", "{D7B787E4-63F3-4917-92F9-9ADE590E94BB}"
	ProjectSection(ProjectDependencies) = postProject
		{47AFB4D0-B124-40BC-A379-BA5AD59D5405} = {47AFB4D0-B124-40BC-A379-BA5AD59D5405}
		{07387AE1-67E7-48C7-89E8-BBAE28200197} = {07387AE1-67E7-48C7-89E8-BBAE28200197}
	EndProjectSection
EndProject
Project("{8BC9CEB8-8B4A-11D0-8D11-00A0C91BC942}") = "dependsOnTest", "dependsOnTest\dependsOnTest.vcproj", "{F01D7809-664F-4203-8DC2-47B0E4FC42FF}"
	ProjectSection(ProjectDependencies) = postProject
		{47AFB4D0-B124-40BC-A379-BA5AD59D5405} = {47AFB4D0-B124-40BC-A379-BA5AD59D5405}
	EndProjectSection
EndProject
Global
	GlobalSection(SolutionConfigurationPlatforms) = preSolution
		Debug|Win32 = Debug|Win32
		Debug|x64 = Debug|x64
		Release|Win32 = Release|Win32
		Release|x64 = Release|x64
	EndGlobalSection
	GlobalSection(ProjectConfigurationPlatforms) = postSolution
		{07387AE1-67E7-48C7-89E8-BBAE28200196}.Debug|Win32.ActiveCfg = Debug|Win32
		{07387AE1-67E7-48C7-89E8-BBAE28200196}.Debug|x64.ActiveCfg = Debug|x64
		{07387AE1-67E7-48C7-89E8-BBAE28200196}.Debug|x64.Build.0 = Debug|x64
		{07387AE1-67E7-48C7-89E8-BBAE28200196}.Release|Win32.ActiveCfg = Release|Win32
		{07387AE1-67E7-48C7-89E8-BBAE28200196}.Release|x64.ActiveCfg = Release|x64
		{07387AE1-67E7-48C7-89E8-BBAE28200196}.Release|x64.Build.0 = Release|x64
		{07387AE1-67E7-48C7-89E8-BBAE28200197}.Debug|Win32.ActiveCfg = Debug|Win32
		{07387AE1-67E7-48C7-89E8-BBAE28200197}.Debug|Win32.Build.0 = Debug|Win32
		{07387AE1-67E7-48C7-89E8-BBAE28200197}.Debug|x64.ActiveCfg = Debug|x64
		{07387AE1-67E7-48C7-89E8-BBAE28200197}.Release|Win32.ActiveCfg = Release|Win32
		{07387AE1-67E7-48C7-89E8-BBAE28200197}.Release|Win32.Build.0 = Release|Win32
		{07387AE1-67E7-48C7-89E8-BBAE28200197}.Release|x64.ActiveCfg = Release|x64
		{47AFB4D0-B124-40BC-A379-BA5AD59D5405}.Debug|Win32.ActiveCfg = Debug|Win32
		{47AFB4D0-B124-40BC-A379-BA5AD59D5405}.Debug|Win32.Build.0 = Debug|Win32
		{47AFB4D0-B124-40BC-A379-BA5AD59D5405}.Debug|x64.ActiveCfg = Debug|x64
		{47AFB4D0-B124-40BC-A379-BA5AD59D5405}.Debug|x64.Build.0 = Debug|x64
		{47AFB4D0-B124-40BC-A379-BA5AD59D5405}.Release|Win32.ActiveCfg = Release|Win32
		{47AFB4D0-B124-40BC-A379-BA5AD59D5405}.Release|Win32.Build.0 = Release|Win32
		{47AFB4D0-B124-40BC-A379-BA5AD59D5405}.Release|x64.ActiveCfg = Release|x64
		{47AFB4D0-B124-40BC-A379-BA5AD59D5405}.Release|x64.Build.0 = Release|x64
		{39E9E4FA-800A-4D71-A2A1-D5BE856B82BF}.Debug|Win32.ActiveCfg = Debug|Win32
		{39E9E4FA-800A-4D71-A2A1-D5BE856B82BF}.Debug|x64.ActiveCfg = Debug|x64
		{39E9E4FA-800A-4D71-A2A1-D5BE856B82BF}.Debug|x64.Build.0 = Debug|x64
		{39E9E4FA-800A-4D71-A2A1-D5BE856B82BF}.Release|Win32.ActiveCfg = Release|Win32
		{39E9E4FA-800A-4D71-A2A1-D5BE856B82BF}.Release|x64.ActiveCfg = Release|x64
		{39E9E4FA-800A-4D71-A2A1-D5BE856B82BF}.Release|x64.Build.0 = Release|x64
		{DF67B85F-C8F8-4FB1-A701-867A9C835ABA}.Debug|Win32.ActiveCfg = Debug|Win32
		{DF67B85F-C8F8-4FB1-A701-867A9C835ABA}.Debug|Win32.Build.0 = Debug|Win32
		{DF67B85F-C8F8-4FB1-A701-867A9C835ABA}.Debug|x64.ActiveCfg = Debug|x64
		{DF67B85F-C8F8-4FB1-A701-867A9C835ABA}.Release|Win32.ActiveCfg = Release|Win32
		{DF67B85F-C8F8-4FB1-A701-867A9C835ABA}.Release|Win32.Build.0 = Release|Win32
		{DF67B85F-C8F8-4FB1-A701-867A9C835ABA}.Release|x64.ActiveCfg = Release|x64
		{016DFB90-9945-4104-92B3-963230FCCC04}.Debug|Win32.ActiveCfg = Debug|Win32
		{016DFB90-9945-4104-92B3-963230FCCC04}.Debug|Win32.Build.0 = Debug|Win32
		{016DFB90-9945-4104-92B3-963230FCCC04}.Debug|x64.ActiveCfg = Debug|x64
		{016DFB90-9945-4104-92B3-963230FCCC04}.Release|Win32.ActiveCfg = Release|Win32
		{016DFB90-9945-4104-92B3-963230FCCC04}.Release|Win32.Build.0 = Release|Win32
		{016DFB90-9945-4104-92B3-963230FCCC04}.Release|x64.ActiveCfg = Release|x64
		{5E5EF2B3-8BA6-4B21-8482-35CDFAE933D9}.Debug|Win32.ActiveCfg = Debug|Win32
		{5E5EF2B3-8BA6-4B21-8482-35CDFAE933D9}.Debug|x64.ActiveCfg = Debug|x64
		{5E5EF2B3-8BA6-4B21-8482-35CDFAE933D9}.Debug|x64.Build.0 = Debug|x64
		{5E5EF2B3-8BA6-4B21-8482-35CDFAE933D9}.Release|Win32.ActiveCfg = Release|Win32
		{5E5EF2B3-8BA6-4B21-8482-35CDFAE933D9}.Release|x64.ActiveCfg = Release|x64
		{5E5EF2B3-8BA6-4B21-8482-35CDFAE933D9}.Release|x64.Build.0 = Release|x64
		{124D59C2-1412-4F02-AE80-1ADA83166F83}.Debug|Win32.ActiveCfg = Debug|Win32
		{124D59C2-1412-4F02-AE80-1ADA83166F83}.Debug|Win32.Build.0 = Debug|Win32
		{124D59C2-1412-4F02-AE80-1ADA83166F83}.Debug|x64.ActiveCfg = Debug|x64
		{124D59C2-1412-4F02-AE80-1ADA83166F83}.Debug|x64.Build.0 = Debug|x64
		{124D59C2-1412-4F02-AE80-1ADA83166F83}.Release|Win32.ActiveCfg = Release|Win32
		{124D59C2-1412-4F02-AE80-1ADA83166F83}.Release|Win32.Build.0 = Release|Win32
		{124D59C2-1412-4F02-AE80-1ADA83166F83}.Release|x64.ActiveCfg = Release|x64
		{124D59C2-1412-4F02-AE80-1ADA83166F83}.Release|x64.Build.0 = Release|x64
		{D7B787E4-63F3-4917-92F9-9ADE590E94BB}.Debug|Win32.ActiveCfg = Debug|Win32
		{D7B787E4-63F3-4917-92F9-9ADE590E94BB}.Debug|Win32.Build.0 = Debug|Win32
		{D7B787E4-63F3-4917-92F9-9ADE590E94BB}.Debug|x64.ActiveCfg = Debug|x64
		{D7B787E4-63F3-4917-92F9-9ADE590E94BB}.Debug|x64.Build.0 = Debug|x64
		{D7B787E4-63F3-4917-92F9-9ADE590E94BB}.Release|Win32.ActiveCfg = Release|Win32
		{D7B787E4-63F3-4917-92F9-9ADE590E94BB}.Release|Win32.Build.0 = Release|Win32
		{D7B787E4-63F3-4917-92F9-9ADE590E94BB}.Release|x64.ActiveCfg = Release|x64
		{F01D7809-664F-4203-8DC2-47B0E4FC42FF}.Debug|Win32.ActiveCfg = Debug|Win32
		{F01D7809-664F-4203-8DC2-47B0E4FC42FF}.Debug|Win32.Build.0 = Debug|Win32
		{F01D7809-664F-4203-8DC2-47B0E4FC42FF}.Debug|x64.ActiveCfg = Debug|x64
		{F01D7809-664F-4203-8DC2-47B0E4FC42FF}.Debug|x64.Build.0 = Debug|x64
		{F01D7809-664F-4203-8DC2-47B0E4FC42FF}.Release|Win32.ActiveCfg = Release|Win32
		{F01D7809-664F-4203-8DC2-47B0E4FC42FF}.Release|Win32.Build.0 = Release|Win32
		{F01D7809-664F-4203-8DC2-47B0E4FC42FF}.Release|x64.ActiveCfg = Release|x64
		{F01D7809-664F-4203-8DC2-47B0E4FC42FF}.Release|x64.Build.0 = Release|x64
	EndGlobalSection
	GlobalSection(SolutionProperties) = preSolution
		HideSolutionNode = FALSE
	EndGlobalSection
EndGlobal
